// !$*UTF8*$!
{
	archiveVersion = 1;
	classes = {
	};
	objectVersion = 46;
	objects = {

/* Begin PBXBuildFile section */
		258828301EBCD6DF002991EB /* PokedexController.swift in Sources */ = {isa = PBXBuildFile; fileRef = 2588282F1EBCD6DF002991EB /* PokedexController.swift */; };
		25B28E951E957D4B0031FF8D /* AppDelegate.swift in Sources */ = {isa = PBXBuildFile; fileRef = 25B28E941E957D4B0031FF8D /* AppDelegate.swift */; };
		25B28E971E957D4B0031FF8D /* PokemonViewController.swift in Sources */ = {isa = PBXBuildFile; fileRef = 25B28E961E957D4B0031FF8D /* PokemonViewController.swift */; };
		25B28E9A1E957D4B0031FF8D /* Main.storyboard in Resources */ = {isa = PBXBuildFile; fileRef = 25B28E981E957D4B0031FF8D /* Main.storyboard */; };
		25B28E9C1E957D4B0031FF8D /* Assets.xcassets in Resources */ = {isa = PBXBuildFile; fileRef = 25B28E9B1E957D4B0031FF8D /* Assets.xcassets */; };
		25B28E9F1E957D4C0031FF8D /* LaunchScreen.storyboard in Resources */ = {isa = PBXBuildFile; fileRef = 25B28E9D1E957D4C0031FF8D /* LaunchScreen.storyboard */; };
		25B28EAA1E957D4C0031FF8D /* PokeStepTests.swift in Sources */ = {isa = PBXBuildFile; fileRef = 25B28EA91E957D4C0031FF8D /* PokeStepTests.swift */; };
		25CAFA241ED34BBE009C8250 /* Pokemon.swift in Sources */ = {isa = PBXBuildFile; fileRef = 25CAFA231ED34BBE009C8250 /* Pokemon.swift */; };
		25CE06051E97A96700C9914B /* pokedex.json in Resources */ = {isa = PBXBuildFile; fileRef = 25CE06041E97A96700C9914B /* pokedex.json */; };
		25D8E19C1ED473F2008DC7E2 /* Lato-Black.ttf in Resources */ = {isa = PBXBuildFile; fileRef = 25D8E1911ED473F2008DC7E2 /* Lato-Black.ttf */; };
		25D8E19D1ED473F2008DC7E2 /* Lato-BlackItalic.ttf in Resources */ = {isa = PBXBuildFile; fileRef = 25D8E1921ED473F2008DC7E2 /* Lato-BlackItalic.ttf */; };
		25D8E19E1ED473F2008DC7E2 /* Lato-Bold.ttf in Resources */ = {isa = PBXBuildFile; fileRef = 25D8E1931ED473F2008DC7E2 /* Lato-Bold.ttf */; };
		25D8E19F1ED473F2008DC7E2 /* Lato-BoldItalic.ttf in Resources */ = {isa = PBXBuildFile; fileRef = 25D8E1941ED473F2008DC7E2 /* Lato-BoldItalic.ttf */; };
		25D8E1A01ED473F2008DC7E2 /* Lato-Hairline.ttf in Resources */ = {isa = PBXBuildFile; fileRef = 25D8E1951ED473F2008DC7E2 /* Lato-Hairline.ttf */; };
		25D8E1A11ED473F2008DC7E2 /* Lato-HairlineItalic.ttf in Resources */ = {isa = PBXBuildFile; fileRef = 25D8E1961ED473F2008DC7E2 /* Lato-HairlineItalic.ttf */; };
		25D8E1A21ED473F2008DC7E2 /* Lato-Italic.ttf in Resources */ = {isa = PBXBuildFile; fileRef = 25D8E1971ED473F2008DC7E2 /* Lato-Italic.ttf */; };
		25D8E1A31ED473F2008DC7E2 /* Lato-Light.ttf in Resources */ = {isa = PBXBuildFile; fileRef = 25D8E1981ED473F2008DC7E2 /* Lato-Light.ttf */; };
		25D8E1A41ED473F2008DC7E2 /* Lato-LightItalic.ttf in Resources */ = {isa = PBXBuildFile; fileRef = 25D8E1991ED473F2008DC7E2 /* Lato-LightItalic.ttf */; };
		25D8E1A51ED473F2008DC7E2 /* Lato-Regular.ttf in Resources */ = {isa = PBXBuildFile; fileRef = 25D8E19A1ED473F2008DC7E2 /* Lato-Regular.ttf */; };
		25D8E1A61ED473F2008DC7E2 /* OFL.txt in Resources */ = {isa = PBXBuildFile; fileRef = 25D8E19B1ED473F2008DC7E2 /* OFL.txt */; };
		25D8E1BE1ED47413008DC7E2 /* Roboto-Black.ttf in Resources */ = {isa = PBXBuildFile; fileRef = 25D8E1A91ED47413008DC7E2 /* Roboto-Black.ttf */; };
		25D8E1BF1ED47413008DC7E2 /* Roboto-BlackItalic.ttf in Resources */ = {isa = PBXBuildFile; fileRef = 25D8E1AA1ED47413008DC7E2 /* Roboto-BlackItalic.ttf */; };
		25D8E1C01ED47413008DC7E2 /* Roboto-Bold.ttf in Resources */ = {isa = PBXBuildFile; fileRef = 25D8E1AB1ED47413008DC7E2 /* Roboto-Bold.ttf */; };
		25D8E1C11ED47413008DC7E2 /* Roboto-BoldItalic.ttf in Resources */ = {isa = PBXBuildFile; fileRef = 25D8E1AC1ED47413008DC7E2 /* Roboto-BoldItalic.ttf */; };
		25D8E1C21ED47413008DC7E2 /* Roboto-Italic.ttf in Resources */ = {isa = PBXBuildFile; fileRef = 25D8E1AD1ED47413008DC7E2 /* Roboto-Italic.ttf */; };
		25D8E1C31ED47413008DC7E2 /* Roboto-Light.ttf in Resources */ = {isa = PBXBuildFile; fileRef = 25D8E1AE1ED47413008DC7E2 /* Roboto-Light.ttf */; };
		25D8E1C41ED47413008DC7E2 /* Roboto-LightItalic.ttf in Resources */ = {isa = PBXBuildFile; fileRef = 25D8E1AF1ED47413008DC7E2 /* Roboto-LightItalic.ttf */; };
		25D8E1C51ED47413008DC7E2 /* Roboto-Medium.ttf in Resources */ = {isa = PBXBuildFile; fileRef = 25D8E1B01ED47413008DC7E2 /* Roboto-Medium.ttf */; };
		25D8E1C61ED47413008DC7E2 /* Roboto-MediumItalic.ttf in Resources */ = {isa = PBXBuildFile; fileRef = 25D8E1B11ED47413008DC7E2 /* Roboto-MediumItalic.ttf */; };
		25D8E1C71ED47413008DC7E2 /* Roboto-Regular.ttf in Resources */ = {isa = PBXBuildFile; fileRef = 25D8E1B21ED47413008DC7E2 /* Roboto-Regular.ttf */; };
		25D8E1C81ED47413008DC7E2 /* Roboto-Thin.ttf in Resources */ = {isa = PBXBuildFile; fileRef = 25D8E1B31ED47413008DC7E2 /* Roboto-Thin.ttf */; };
		25D8E1C91ED47413008DC7E2 /* Roboto-ThinItalic.ttf in Resources */ = {isa = PBXBuildFile; fileRef = 25D8E1B41ED47413008DC7E2 /* Roboto-ThinItalic.ttf */; };
		25D8E1CA1ED47413008DC7E2 /* Roboto_LICENSE.txt in Resources */ = {isa = PBXBuildFile; fileRef = 25D8E1B51ED47413008DC7E2 /* Roboto_LICENSE.txt */; };
		25D8E1CB1ED47413008DC7E2 /* Roboto_Condensed_LICENSE.txt in Resources */ = {isa = PBXBuildFile; fileRef = 25D8E1B71ED47413008DC7E2 /* Roboto_Condensed_LICENSE.txt */; };
		25D8E1CC1ED47413008DC7E2 /* RobotoCondensed-Bold.ttf in Resources */ = {isa = PBXBuildFile; fileRef = 25D8E1B81ED47413008DC7E2 /* RobotoCondensed-Bold.ttf */; };
		25D8E1CD1ED47413008DC7E2 /* RobotoCondensed-BoldItalic.ttf in Resources */ = {isa = PBXBuildFile; fileRef = 25D8E1B91ED47413008DC7E2 /* RobotoCondensed-BoldItalic.ttf */; };
		25D8E1CE1ED47413008DC7E2 /* RobotoCondensed-Italic.ttf in Resources */ = {isa = PBXBuildFile; fileRef = 25D8E1BA1ED47413008DC7E2 /* RobotoCondensed-Italic.ttf */; };
		25D8E1CF1ED47413008DC7E2 /* RobotoCondensed-Light.ttf in Resources */ = {isa = PBXBuildFile; fileRef = 25D8E1BB1ED47413008DC7E2 /* RobotoCondensed-Light.ttf */; };
		25D8E1D01ED47413008DC7E2 /* RobotoCondensed-LightItalic.ttf in Resources */ = {isa = PBXBuildFile; fileRef = 25D8E1BC1ED47413008DC7E2 /* RobotoCondensed-LightItalic.ttf */; };
		25D8E1D11ED47413008DC7E2 /* RobotoCondensed-Regular.ttf in Resources */ = {isa = PBXBuildFile; fileRef = 25D8E1BD1ED47413008DC7E2 /* RobotoCondensed-Regular.ttf */; };
		25D8E26D1ED47443008DC7E2 /* 001.png in Resources */ = {isa = PBXBuildFile; fileRef = 25D8E1D31ED47443008DC7E2 /* 001.png */; };
		25D8E26E1ED47443008DC7E2 /* 002.png in Resources */ = {isa = PBXBuildFile; fileRef = 25D8E1D41ED47443008DC7E2 /* 002.png */; };
		25D8E26F1ED47443008DC7E2 /* 003.png in Resources */ = {isa = PBXBuildFile; fileRef = 25D8E1D51ED47443008DC7E2 /* 003.png */; };
		25D8E2701ED47443008DC7E2 /* 004.png in Resources */ = {isa = PBXBuildFile; fileRef = 25D8E1D61ED47443008DC7E2 /* 004.png */; };
		25D8E2711ED47443008DC7E2 /* 005.png in Resources */ = {isa = PBXBuildFile; fileRef = 25D8E1D71ED47443008DC7E2 /* 005.png */; };
		25D8E2721ED47443008DC7E2 /* 006.png in Resources */ = {isa = PBXBuildFile; fileRef = 25D8E1D81ED47443008DC7E2 /* 006.png */; };
		25D8E2731ED47443008DC7E2 /* 007.png in Resources */ = {isa = PBXBuildFile; fileRef = 25D8E1D91ED47443008DC7E2 /* 007.png */; };
		25D8E2741ED47443008DC7E2 /* 008.png in Resources */ = {isa = PBXBuildFile; fileRef = 25D8E1DA1ED47443008DC7E2 /* 008.png */; };
		25D8E2751ED47443008DC7E2 /* 009.png in Resources */ = {isa = PBXBuildFile; fileRef = 25D8E1DB1ED47443008DC7E2 /* 009.png */; };
		25D8E2761ED47443008DC7E2 /* 010.png in Resources */ = {isa = PBXBuildFile; fileRef = 25D8E1DC1ED47443008DC7E2 /* 010.png */; };
		25D8E2771ED47443008DC7E2 /* 011.png in Resources */ = {isa = PBXBuildFile; fileRef = 25D8E1DD1ED47443008DC7E2 /* 011.png */; };
		25D8E2781ED47443008DC7E2 /* 012.png in Resources */ = {isa = PBXBuildFile; fileRef = 25D8E1DE1ED47443008DC7E2 /* 012.png */; };
		25D8E2791ED47443008DC7E2 /* 013.png in Resources */ = {isa = PBXBuildFile; fileRef = 25D8E1DF1ED47443008DC7E2 /* 013.png */; };
		25D8E27A1ED47443008DC7E2 /* 014.png in Resources */ = {isa = PBXBuildFile; fileRef = 25D8E1E01ED47443008DC7E2 /* 014.png */; };
		25D8E27B1ED47443008DC7E2 /* 015.png in Resources */ = {isa = PBXBuildFile; fileRef = 25D8E1E11ED47443008DC7E2 /* 015.png */; };
		25D8E27C1ED47443008DC7E2 /* 016.png in Resources */ = {isa = PBXBuildFile; fileRef = 25D8E1E21ED47443008DC7E2 /* 016.png */; };
		25D8E27D1ED47443008DC7E2 /* 017.png in Resources */ = {isa = PBXBuildFile; fileRef = 25D8E1E31ED47443008DC7E2 /* 017.png */; };
		25D8E27E1ED47443008DC7E2 /* 018.png in Resources */ = {isa = PBXBuildFile; fileRef = 25D8E1E41ED47443008DC7E2 /* 018.png */; };
		25D8E27F1ED47443008DC7E2 /* 019.png in Resources */ = {isa = PBXBuildFile; fileRef = 25D8E1E51ED47443008DC7E2 /* 019.png */; };
		25D8E2801ED47443008DC7E2 /* 020.png in Resources */ = {isa = PBXBuildFile; fileRef = 25D8E1E61ED47443008DC7E2 /* 020.png */; };
		25D8E2811ED47443008DC7E2 /* 021.png in Resources */ = {isa = PBXBuildFile; fileRef = 25D8E1E71ED47443008DC7E2 /* 021.png */; };
		25D8E2821ED47443008DC7E2 /* 022.png in Resources */ = {isa = PBXBuildFile; fileRef = 25D8E1E81ED47443008DC7E2 /* 022.png */; };
		25D8E2831ED47443008DC7E2 /* 023.png in Resources */ = {isa = PBXBuildFile; fileRef = 25D8E1E91ED47443008DC7E2 /* 023.png */; };
		25D8E2841ED47443008DC7E2 /* 024.png in Resources */ = {isa = PBXBuildFile; fileRef = 25D8E1EA1ED47443008DC7E2 /* 024.png */; };
		25D8E2851ED47443008DC7E2 /* 025.png in Resources */ = {isa = PBXBuildFile; fileRef = 25D8E1EB1ED47443008DC7E2 /* 025.png */; };
		25D8E2861ED47443008DC7E2 /* 026.png in Resources */ = {isa = PBXBuildFile; fileRef = 25D8E1EC1ED47443008DC7E2 /* 026.png */; };
		25D8E2871ED47443008DC7E2 /* 027.png in Resources */ = {isa = PBXBuildFile; fileRef = 25D8E1ED1ED47443008DC7E2 /* 027.png */; };
		25D8E2881ED47443008DC7E2 /* 028.png in Resources */ = {isa = PBXBuildFile; fileRef = 25D8E1EE1ED47443008DC7E2 /* 028.png */; };
		25D8E2891ED47443008DC7E2 /* 029.png in Resources */ = {isa = PBXBuildFile; fileRef = 25D8E1EF1ED47443008DC7E2 /* 029.png */; };
		25D8E28A1ED47443008DC7E2 /* 030.png in Resources */ = {isa = PBXBuildFile; fileRef = 25D8E1F01ED47443008DC7E2 /* 030.png */; };
		25D8E28B1ED47443008DC7E2 /* 031.png in Resources */ = {isa = PBXBuildFile; fileRef = 25D8E1F11ED47443008DC7E2 /* 031.png */; };
		25D8E28C1ED47443008DC7E2 /* 032.png in Resources */ = {isa = PBXBuildFile; fileRef = 25D8E1F21ED47443008DC7E2 /* 032.png */; };
		25D8E28D1ED47443008DC7E2 /* 033.png in Resources */ = {isa = PBXBuildFile; fileRef = 25D8E1F31ED47443008DC7E2 /* 033.png */; };
		25D8E28E1ED47443008DC7E2 /* 034.png in Resources */ = {isa = PBXBuildFile; fileRef = 25D8E1F41ED47443008DC7E2 /* 034.png */; };
		25D8E28F1ED47443008DC7E2 /* 035.png in Resources */ = {isa = PBXBuildFile; fileRef = 25D8E1F51ED47443008DC7E2 /* 035.png */; };
		25D8E2901ED47443008DC7E2 /* 036.png in Resources */ = {isa = PBXBuildFile; fileRef = 25D8E1F61ED47443008DC7E2 /* 036.png */; };
		25D8E2911ED47443008DC7E2 /* 037.png in Resources */ = {isa = PBXBuildFile; fileRef = 25D8E1F71ED47443008DC7E2 /* 037.png */; };
		25D8E2921ED47443008DC7E2 /* 038.png in Resources */ = {isa = PBXBuildFile; fileRef = 25D8E1F81ED47443008DC7E2 /* 038.png */; };
		25D8E2931ED47443008DC7E2 /* 039.png in Resources */ = {isa = PBXBuildFile; fileRef = 25D8E1F91ED47443008DC7E2 /* 039.png */; };
		25D8E2941ED47443008DC7E2 /* 040.png in Resources */ = {isa = PBXBuildFile; fileRef = 25D8E1FA1ED47443008DC7E2 /* 040.png */; };
		25D8E2951ED47443008DC7E2 /* 041.png in Resources */ = {isa = PBXBuildFile; fileRef = 25D8E1FB1ED47443008DC7E2 /* 041.png */; };
		25D8E2961ED47443008DC7E2 /* 042.png in Resources */ = {isa = PBXBuildFile; fileRef = 25D8E1FC1ED47443008DC7E2 /* 042.png */; };
		25D8E2971ED47443008DC7E2 /* 043.png in Resources */ = {isa = PBXBuildFile; fileRef = 25D8E1FD1ED47443008DC7E2 /* 043.png */; };
		25D8E2981ED47443008DC7E2 /* 044.png in Resources */ = {isa = PBXBuildFile; fileRef = 25D8E1FE1ED47443008DC7E2 /* 044.png */; };
		25D8E2991ED47443008DC7E2 /* 045.png in Resources */ = {isa = PBXBuildFile; fileRef = 25D8E1FF1ED47443008DC7E2 /* 045.png */; };
		25D8E29A1ED47443008DC7E2 /* 046.png in Resources */ = {isa = PBXBuildFile; fileRef = 25D8E2001ED47443008DC7E2 /* 046.png */; };
		25D8E29B1ED47443008DC7E2 /* 047.png in Resources */ = {isa = PBXBuildFile; fileRef = 25D8E2011ED47443008DC7E2 /* 047.png */; };
		25D8E29C1ED47443008DC7E2 /* 048.png in Resources */ = {isa = PBXBuildFile; fileRef = 25D8E2021ED47443008DC7E2 /* 048.png */; };
		25D8E29D1ED47443008DC7E2 /* 049.png in Resources */ = {isa = PBXBuildFile; fileRef = 25D8E2031ED47443008DC7E2 /* 049.png */; };
		25D8E29E1ED47443008DC7E2 /* 050.png in Resources */ = {isa = PBXBuildFile; fileRef = 25D8E2041ED47443008DC7E2 /* 050.png */; };
		25D8E29F1ED47443008DC7E2 /* 051.png in Resources */ = {isa = PBXBuildFile; fileRef = 25D8E2051ED47443008DC7E2 /* 051.png */; };
		25D8E2A01ED47443008DC7E2 /* 052.png in Resources */ = {isa = PBXBuildFile; fileRef = 25D8E2061ED47443008DC7E2 /* 052.png */; };
		25D8E2A11ED47443008DC7E2 /* 053.png in Resources */ = {isa = PBXBuildFile; fileRef = 25D8E2071ED47443008DC7E2 /* 053.png */; };
		25D8E2A21ED47443008DC7E2 /* 054.png in Resources */ = {isa = PBXBuildFile; fileRef = 25D8E2081ED47443008DC7E2 /* 054.png */; };
		25D8E2A31ED47443008DC7E2 /* 055.png in Resources */ = {isa = PBXBuildFile; fileRef = 25D8E2091ED47443008DC7E2 /* 055.png */; };
		25D8E2A41ED47443008DC7E2 /* 056.png in Resources */ = {isa = PBXBuildFile; fileRef = 25D8E20A1ED47443008DC7E2 /* 056.png */; };
		25D8E2A51ED47443008DC7E2 /* 057.png in Resources */ = {isa = PBXBuildFile; fileRef = 25D8E20B1ED47443008DC7E2 /* 057.png */; };
		25D8E2A61ED47443008DC7E2 /* 058.png in Resources */ = {isa = PBXBuildFile; fileRef = 25D8E20C1ED47443008DC7E2 /* 058.png */; };
		25D8E2A71ED47443008DC7E2 /* 059.png in Resources */ = {isa = PBXBuildFile; fileRef = 25D8E20D1ED47443008DC7E2 /* 059.png */; };
		25D8E2A81ED47443008DC7E2 /* 060.png in Resources */ = {isa = PBXBuildFile; fileRef = 25D8E20E1ED47443008DC7E2 /* 060.png */; };
		25D8E2A91ED47443008DC7E2 /* 061.png in Resources */ = {isa = PBXBuildFile; fileRef = 25D8E20F1ED47443008DC7E2 /* 061.png */; };
		25D8E2AA1ED47443008DC7E2 /* 062.png in Resources */ = {isa = PBXBuildFile; fileRef = 25D8E2101ED47443008DC7E2 /* 062.png */; };
		25D8E2AB1ED47443008DC7E2 /* 063.png in Resources */ = {isa = PBXBuildFile; fileRef = 25D8E2111ED47443008DC7E2 /* 063.png */; };
		25D8E2AC1ED47443008DC7E2 /* 064.png in Resources */ = {isa = PBXBuildFile; fileRef = 25D8E2121ED47443008DC7E2 /* 064.png */; };
		25D8E2AD1ED47443008DC7E2 /* 065.png in Resources */ = {isa = PBXBuildFile; fileRef = 25D8E2131ED47443008DC7E2 /* 065.png */; };
		25D8E2AE1ED47443008DC7E2 /* 066.png in Resources */ = {isa = PBXBuildFile; fileRef = 25D8E2141ED47443008DC7E2 /* 066.png */; };
		25D8E2AF1ED47443008DC7E2 /* 067.png in Resources */ = {isa = PBXBuildFile; fileRef = 25D8E2151ED47443008DC7E2 /* 067.png */; };
		25D8E2B01ED47443008DC7E2 /* 068.png in Resources */ = {isa = PBXBuildFile; fileRef = 25D8E2161ED47443008DC7E2 /* 068.png */; };
		25D8E2B11ED47443008DC7E2 /* 069.png in Resources */ = {isa = PBXBuildFile; fileRef = 25D8E2171ED47443008DC7E2 /* 069.png */; };
		25D8E2B21ED47443008DC7E2 /* 070.png in Resources */ = {isa = PBXBuildFile; fileRef = 25D8E2181ED47443008DC7E2 /* 070.png */; };
		25D8E2B31ED47443008DC7E2 /* 071.png in Resources */ = {isa = PBXBuildFile; fileRef = 25D8E2191ED47443008DC7E2 /* 071.png */; };
		25D8E2B41ED47443008DC7E2 /* 072.png in Resources */ = {isa = PBXBuildFile; fileRef = 25D8E21A1ED47443008DC7E2 /* 072.png */; };
		25D8E2B51ED47443008DC7E2 /* 073.png in Resources */ = {isa = PBXBuildFile; fileRef = 25D8E21B1ED47443008DC7E2 /* 073.png */; };
		25D8E2B61ED47443008DC7E2 /* 074.png in Resources */ = {isa = PBXBuildFile; fileRef = 25D8E21C1ED47443008DC7E2 /* 074.png */; };
		25D8E2B71ED47443008DC7E2 /* 075.png in Resources */ = {isa = PBXBuildFile; fileRef = 25D8E21D1ED47443008DC7E2 /* 075.png */; };
		25D8E2B81ED47443008DC7E2 /* 076.png in Resources */ = {isa = PBXBuildFile; fileRef = 25D8E21E1ED47443008DC7E2 /* 076.png */; };
		25D8E2B91ED47443008DC7E2 /* 077.png in Resources */ = {isa = PBXBuildFile; fileRef = 25D8E21F1ED47443008DC7E2 /* 077.png */; };
		25D8E2BA1ED47443008DC7E2 /* 078.png in Resources */ = {isa = PBXBuildFile; fileRef = 25D8E2201ED47443008DC7E2 /* 078.png */; };
		25D8E2BB1ED47443008DC7E2 /* 079.png in Resources */ = {isa = PBXBuildFile; fileRef = 25D8E2211ED47443008DC7E2 /* 079.png */; };
		25D8E2BC1ED47443008DC7E2 /* 080.png in Resources */ = {isa = PBXBuildFile; fileRef = 25D8E2221ED47443008DC7E2 /* 080.png */; };
		25D8E2BD1ED47443008DC7E2 /* 081.png in Resources */ = {isa = PBXBuildFile; fileRef = 25D8E2231ED47443008DC7E2 /* 081.png */; };
		25D8E2BE1ED47443008DC7E2 /* 082.png in Resources */ = {isa = PBXBuildFile; fileRef = 25D8E2241ED47443008DC7E2 /* 082.png */; };
		25D8E2BF1ED47443008DC7E2 /* 083.png in Resources */ = {isa = PBXBuildFile; fileRef = 25D8E2251ED47443008DC7E2 /* 083.png */; };
		25D8E2C01ED47443008DC7E2 /* 084.png in Resources */ = {isa = PBXBuildFile; fileRef = 25D8E2261ED47443008DC7E2 /* 084.png */; };
		25D8E2C11ED47443008DC7E2 /* 085.png in Resources */ = {isa = PBXBuildFile; fileRef = 25D8E2271ED47443008DC7E2 /* 085.png */; };
		25D8E2C21ED47443008DC7E2 /* 086.png in Resources */ = {isa = PBXBuildFile; fileRef = 25D8E2281ED47443008DC7E2 /* 086.png */; };
		25D8E2C31ED47443008DC7E2 /* 087.png in Resources */ = {isa = PBXBuildFile; fileRef = 25D8E2291ED47443008DC7E2 /* 087.png */; };
		25D8E2C41ED47443008DC7E2 /* 088.png in Resources */ = {isa = PBXBuildFile; fileRef = 25D8E22A1ED47443008DC7E2 /* 088.png */; };
		25D8E2C51ED47443008DC7E2 /* 089.png in Resources */ = {isa = PBXBuildFile; fileRef = 25D8E22B1ED47443008DC7E2 /* 089.png */; };
		25D8E2C61ED47443008DC7E2 /* 090.png in Resources */ = {isa = PBXBuildFile; fileRef = 25D8E22C1ED47443008DC7E2 /* 090.png */; };
		25D8E2C71ED47443008DC7E2 /* 091.png in Resources */ = {isa = PBXBuildFile; fileRef = 25D8E22D1ED47443008DC7E2 /* 091.png */; };
		25D8E2C81ED47443008DC7E2 /* 092.png in Resources */ = {isa = PBXBuildFile; fileRef = 25D8E22E1ED47443008DC7E2 /* 092.png */; };
		25D8E2C91ED47443008DC7E2 /* 093.png in Resources */ = {isa = PBXBuildFile; fileRef = 25D8E22F1ED47443008DC7E2 /* 093.png */; };
		25D8E2CA1ED47443008DC7E2 /* 094.png in Resources */ = {isa = PBXBuildFile; fileRef = 25D8E2301ED47443008DC7E2 /* 094.png */; };
		25D8E2CB1ED47443008DC7E2 /* 095.png in Resources */ = {isa = PBXBuildFile; fileRef = 25D8E2311ED47443008DC7E2 /* 095.png */; };
		25D8E2CC1ED47443008DC7E2 /* 096.png in Resources */ = {isa = PBXBuildFile; fileRef = 25D8E2321ED47443008DC7E2 /* 096.png */; };
		25D8E2CD1ED47443008DC7E2 /* 097.png in Resources */ = {isa = PBXBuildFile; fileRef = 25D8E2331ED47443008DC7E2 /* 097.png */; };
		25D8E2CE1ED47443008DC7E2 /* 098.png in Resources */ = {isa = PBXBuildFile; fileRef = 25D8E2341ED47443008DC7E2 /* 098.png */; };
		25D8E2CF1ED47443008DC7E2 /* 099.png in Resources */ = {isa = PBXBuildFile; fileRef = 25D8E2351ED47443008DC7E2 /* 099.png */; };
		25D8E2D01ED47443008DC7E2 /* 100.png in Resources */ = {isa = PBXBuildFile; fileRef = 25D8E2361ED47443008DC7E2 /* 100.png */; };
		25D8E2D11ED47443008DC7E2 /* 101.png in Resources */ = {isa = PBXBuildFile; fileRef = 25D8E2371ED47443008DC7E2 /* 101.png */; };
		25D8E2D21ED47443008DC7E2 /* 102.png in Resources */ = {isa = PBXBuildFile; fileRef = 25D8E2381ED47443008DC7E2 /* 102.png */; };
		25D8E2D31ED47443008DC7E2 /* 103.png in Resources */ = {isa = PBXBuildFile; fileRef = 25D8E2391ED47443008DC7E2 /* 103.png */; };
		25D8E2D41ED47443008DC7E2 /* 104.png in Resources */ = {isa = PBXBuildFile; fileRef = 25D8E23A1ED47443008DC7E2 /* 104.png */; };
		25D8E2D51ED47443008DC7E2 /* 105.png in Resources */ = {isa = PBXBuildFile; fileRef = 25D8E23B1ED47443008DC7E2 /* 105.png */; };
		25D8E2D61ED47443008DC7E2 /* 106.png in Resources */ = {isa = PBXBuildFile; fileRef = 25D8E23C1ED47443008DC7E2 /* 106.png */; };
		25D8E2D71ED47443008DC7E2 /* 107.png in Resources */ = {isa = PBXBuildFile; fileRef = 25D8E23D1ED47443008DC7E2 /* 107.png */; };
		25D8E2D81ED47443008DC7E2 /* 108.png in Resources */ = {isa = PBXBuildFile; fileRef = 25D8E23E1ED47443008DC7E2 /* 108.png */; };
		25D8E2D91ED47443008DC7E2 /* 109.png in Resources */ = {isa = PBXBuildFile; fileRef = 25D8E23F1ED47443008DC7E2 /* 109.png */; };
		25D8E2DA1ED47443008DC7E2 /* 110.png in Resources */ = {isa = PBXBuildFile; fileRef = 25D8E2401ED47443008DC7E2 /* 110.png */; };
		25D8E2DB1ED47443008DC7E2 /* 111.png in Resources */ = {isa = PBXBuildFile; fileRef = 25D8E2411ED47443008DC7E2 /* 111.png */; };
		25D8E2DC1ED47443008DC7E2 /* 112.png in Resources */ = {isa = PBXBuildFile; fileRef = 25D8E2421ED47443008DC7E2 /* 112.png */; };
		25D8E2DD1ED47443008DC7E2 /* 113.png in Resources */ = {isa = PBXBuildFile; fileRef = 25D8E2431ED47443008DC7E2 /* 113.png */; };
		25D8E2DE1ED47443008DC7E2 /* 114.png in Resources */ = {isa = PBXBuildFile; fileRef = 25D8E2441ED47443008DC7E2 /* 114.png */; };
		25D8E2DF1ED47443008DC7E2 /* 115.png in Resources */ = {isa = PBXBuildFile; fileRef = 25D8E2451ED47443008DC7E2 /* 115.png */; };
		25D8E2E01ED47443008DC7E2 /* 116.png in Resources */ = {isa = PBXBuildFile; fileRef = 25D8E2461ED47443008DC7E2 /* 116.png */; };
		25D8E2E11ED47443008DC7E2 /* 117.png in Resources */ = {isa = PBXBuildFile; fileRef = 25D8E2471ED47443008DC7E2 /* 117.png */; };
		25D8E2E21ED47443008DC7E2 /* 118.png in Resources */ = {isa = PBXBuildFile; fileRef = 25D8E2481ED47443008DC7E2 /* 118.png */; };
		25D8E2E31ED47443008DC7E2 /* 119.png in Resources */ = {isa = PBXBuildFile; fileRef = 25D8E2491ED47443008DC7E2 /* 119.png */; };
		25D8E2E41ED47443008DC7E2 /* 120.png in Resources */ = {isa = PBXBuildFile; fileRef = 25D8E24A1ED47443008DC7E2 /* 120.png */; };
		25D8E2E51ED47443008DC7E2 /* 121.png in Resources */ = {isa = PBXBuildFile; fileRef = 25D8E24B1ED47443008DC7E2 /* 121.png */; };
		25D8E2E61ED47443008DC7E2 /* 122.png in Resources */ = {isa = PBXBuildFile; fileRef = 25D8E24C1ED47443008DC7E2 /* 122.png */; };
		25D8E2E71ED47443008DC7E2 /* 123.png in Resources */ = {isa = PBXBuildFile; fileRef = 25D8E24D1ED47443008DC7E2 /* 123.png */; };
		25D8E2E81ED47443008DC7E2 /* 124.png in Resources */ = {isa = PBXBuildFile; fileRef = 25D8E24E1ED47443008DC7E2 /* 124.png */; };
		25D8E2E91ED47443008DC7E2 /* 125.png in Resources */ = {isa = PBXBuildFile; fileRef = 25D8E24F1ED47443008DC7E2 /* 125.png */; };
		25D8E2EA1ED47443008DC7E2 /* 126.png in Resources */ = {isa = PBXBuildFile; fileRef = 25D8E2501ED47443008DC7E2 /* 126.png */; };
		25D8E2EB1ED47443008DC7E2 /* 127.png in Resources */ = {isa = PBXBuildFile; fileRef = 25D8E2511ED47443008DC7E2 /* 127.png */; };
		25D8E2EC1ED47443008DC7E2 /* 128.png in Resources */ = {isa = PBXBuildFile; fileRef = 25D8E2521ED47443008DC7E2 /* 128.png */; };
		25D8E2ED1ED47443008DC7E2 /* 129.png in Resources */ = {isa = PBXBuildFile; fileRef = 25D8E2531ED47443008DC7E2 /* 129.png */; };
		25D8E2EE1ED47443008DC7E2 /* 130.png in Resources */ = {isa = PBXBuildFile; fileRef = 25D8E2541ED47443008DC7E2 /* 130.png */; };
		25D8E2EF1ED47443008DC7E2 /* 131.png in Resources */ = {isa = PBXBuildFile; fileRef = 25D8E2551ED47443008DC7E2 /* 131.png */; };
		25D8E2F01ED47443008DC7E2 /* 132.png in Resources */ = {isa = PBXBuildFile; fileRef = 25D8E2561ED47443008DC7E2 /* 132.png */; };
		25D8E2F11ED47443008DC7E2 /* 133.png in Resources */ = {isa = PBXBuildFile; fileRef = 25D8E2571ED47443008DC7E2 /* 133.png */; };
		25D8E2F21ED47443008DC7E2 /* 134.png in Resources */ = {isa = PBXBuildFile; fileRef = 25D8E2581ED47443008DC7E2 /* 134.png */; };
		25D8E2F31ED47443008DC7E2 /* 135.png in Resources */ = {isa = PBXBuildFile; fileRef = 25D8E2591ED47443008DC7E2 /* 135.png */; };
		25D8E2F41ED47443008DC7E2 /* 136.png in Resources */ = {isa = PBXBuildFile; fileRef = 25D8E25A1ED47443008DC7E2 /* 136.png */; };
		25D8E2F51ED47443008DC7E2 /* 137.png in Resources */ = {isa = PBXBuildFile; fileRef = 25D8E25B1ED47443008DC7E2 /* 137.png */; };
		25D8E2F61ED47443008DC7E2 /* 138.png in Resources */ = {isa = PBXBuildFile; fileRef = 25D8E25C1ED47443008DC7E2 /* 138.png */; };
		25D8E2F71ED47443008DC7E2 /* 139.png in Resources */ = {isa = PBXBuildFile; fileRef = 25D8E25D1ED47443008DC7E2 /* 139.png */; };
		25D8E2F81ED47443008DC7E2 /* 140.png in Resources */ = {isa = PBXBuildFile; fileRef = 25D8E25E1ED47443008DC7E2 /* 140.png */; };
		25D8E2F91ED47443008DC7E2 /* 141.png in Resources */ = {isa = PBXBuildFile; fileRef = 25D8E25F1ED47443008DC7E2 /* 141.png */; };
		25D8E2FA1ED47443008DC7E2 /* 142.png in Resources */ = {isa = PBXBuildFile; fileRef = 25D8E2601ED47443008DC7E2 /* 142.png */; };
		25D8E2FB1ED47443008DC7E2 /* 143.png in Resources */ = {isa = PBXBuildFile; fileRef = 25D8E2611ED47443008DC7E2 /* 143.png */; };
		25D8E2FC1ED47443008DC7E2 /* 144.png in Resources */ = {isa = PBXBuildFile; fileRef = 25D8E2621ED47443008DC7E2 /* 144.png */; };
		25D8E2FD1ED47443008DC7E2 /* 145.png in Resources */ = {isa = PBXBuildFile; fileRef = 25D8E2631ED47443008DC7E2 /* 145.png */; };
		25D8E2FE1ED47443008DC7E2 /* 146.png in Resources */ = {isa = PBXBuildFile; fileRef = 25D8E2641ED47443008DC7E2 /* 146.png */; };
		25D8E2FF1ED47443008DC7E2 /* 147.png in Resources */ = {isa = PBXBuildFile; fileRef = 25D8E2651ED47443008DC7E2 /* 147.png */; };
		25D8E3001ED47443008DC7E2 /* 148.png in Resources */ = {isa = PBXBuildFile; fileRef = 25D8E2661ED47443008DC7E2 /* 148.png */; };
		25D8E3011ED47443008DC7E2 /* 149.png in Resources */ = {isa = PBXBuildFile; fileRef = 25D8E2671ED47443008DC7E2 /* 149.png */; };
		25D8E3021ED47443008DC7E2 /* 150.png in Resources */ = {isa = PBXBuildFile; fileRef = 25D8E2681ED47443008DC7E2 /* 150.png */; };
		25D8E3031ED47443008DC7E2 /* 151.png in Resources */ = {isa = PBXBuildFile; fileRef = 25D8E2691ED47443008DC7E2 /* 151.png */; };
		25D8E3041ED47443008DC7E2 /* default_image.png in Resources */ = {isa = PBXBuildFile; fileRef = 25D8E26A1ED47443008DC7E2 /* default_image.png */; };
		25D8E3051ED47443008DC7E2 /* right-arrow.png in Resources */ = {isa = PBXBuildFile; fileRef = 25D8E26B1ED47443008DC7E2 /* right-arrow.png */; };
		25D8E3061ED47443008DC7E2 /* right_arrow_bold.png in Resources */ = {isa = PBXBuildFile; fileRef = 25D8E26C1ED47443008DC7E2 /* right_arrow_bold.png */; };
/* End PBXBuildFile section */

/* Begin PBXContainerItemProxy section */
		25B28EA61E957D4C0031FF8D /* PBXContainerItemProxy */ = {
			isa = PBXContainerItemProxy;
			containerPortal = 25B28E891E957D4B0031FF8D /* Project object */;
			proxyType = 1;
			remoteGlobalIDString = 25B28E901E957D4B0031FF8D;
			remoteInfo = PokeStep;
		};
/* End PBXContainerItemProxy section */

/* Begin PBXFileReference section */
		2588282F1EBCD6DF002991EB /* PokedexController.swift */ = {isa = PBXFileReference; fileEncoding = 4; lastKnownFileType = sourcecode.swift; path = PokedexController.swift; sourceTree = "<group>"; };
		25B28E911E957D4B0031FF8D /* PokeStep.app */ = {isa = PBXFileReference; explicitFileType = wrapper.application; includeInIndex = 0; path = PokeStep.app; sourceTree = BUILT_PRODUCTS_DIR; };
		25B28E941E957D4B0031FF8D /* AppDelegate.swift */ = {isa = PBXFileReference; lastKnownFileType = sourcecode.swift; path = AppDelegate.swift; sourceTree = "<group>"; };
		25B28E961E957D4B0031FF8D /* PokemonViewController.swift */ = {isa = PBXFileReference; lastKnownFileType = sourcecode.swift; path = PokemonViewController.swift; sourceTree = "<group>"; };
		25B28E991E957D4B0031FF8D /* Base */ = {isa = PBXFileReference; lastKnownFileType = file.storyboard; name = Base; path = Base.lproj/Main.storyboard; sourceTree = "<group>"; };
		25B28E9B1E957D4B0031FF8D /* Assets.xcassets */ = {isa = PBXFileReference; lastKnownFileType = folder.assetcatalog; path = Assets.xcassets; sourceTree = "<group>"; };
		25B28E9E1E957D4C0031FF8D /* Base */ = {isa = PBXFileReference; lastKnownFileType = file.storyboard; name = Base; path = Base.lproj/LaunchScreen.storyboard; sourceTree = "<group>"; };
		25B28EA01E957D4C0031FF8D /* Info.plist */ = {isa = PBXFileReference; lastKnownFileType = text.plist.xml; path = Info.plist; sourceTree = "<group>"; };
		25B28EA51E957D4C0031FF8D /* PokeStepTests.xctest */ = {isa = PBXFileReference; explicitFileType = wrapper.cfbundle; includeInIndex = 0; path = PokeStepTests.xctest; sourceTree = BUILT_PRODUCTS_DIR; };
		25B28EA91E957D4C0031FF8D /* PokeStepTests.swift */ = {isa = PBXFileReference; lastKnownFileType = sourcecode.swift; path = PokeStepTests.swift; sourceTree = "<group>"; };
		25B28EAB1E957D4C0031FF8D /* Info.plist */ = {isa = PBXFileReference; lastKnownFileType = text.plist.xml; path = Info.plist; sourceTree = "<group>"; };
		25CAFA231ED34BBE009C8250 /* Pokemon.swift */ = {isa = PBXFileReference; fileEncoding = 4; lastKnownFileType = sourcecode.swift; path = Pokemon.swift; sourceTree = "<group>"; };
		25CE06041E97A96700C9914B /* pokedex.json */ = {isa = PBXFileReference; fileEncoding = 4; lastKnownFileType = text.json; path = pokedex.json; sourceTree = "<group>"; };
		25D8E1911ED473F2008DC7E2 /* Lato-Black.ttf */ = {isa = PBXFileReference; lastKnownFileType = file; path = "Lato-Black.ttf"; sourceTree = "<group>"; };
		25D8E1921ED473F2008DC7E2 /* Lato-BlackItalic.ttf */ = {isa = PBXFileReference; lastKnownFileType = file; path = "Lato-BlackItalic.ttf"; sourceTree = "<group>"; };
		25D8E1931ED473F2008DC7E2 /* Lato-Bold.ttf */ = {isa = PBXFileReference; lastKnownFileType = file; path = "Lato-Bold.ttf"; sourceTree = "<group>"; };
		25D8E1941ED473F2008DC7E2 /* Lato-BoldItalic.ttf */ = {isa = PBXFileReference; lastKnownFileType = file; path = "Lato-BoldItalic.ttf"; sourceTree = "<group>"; };
		25D8E1951ED473F2008DC7E2 /* Lato-Hairline.ttf */ = {isa = PBXFileReference; lastKnownFileType = file; path = "Lato-Hairline.ttf"; sourceTree = "<group>"; };
		25D8E1961ED473F2008DC7E2 /* Lato-HairlineItalic.ttf */ = {isa = PBXFileReference; lastKnownFileType = file; path = "Lato-HairlineItalic.ttf"; sourceTree = "<group>"; };
		25D8E1971ED473F2008DC7E2 /* Lato-Italic.ttf */ = {isa = PBXFileReference; lastKnownFileType = file; path = "Lato-Italic.ttf"; sourceTree = "<group>"; };
		25D8E1981ED473F2008DC7E2 /* Lato-Light.ttf */ = {isa = PBXFileReference; lastKnownFileType = file; path = "Lato-Light.ttf"; sourceTree = "<group>"; };
		25D8E1991ED473F2008DC7E2 /* Lato-LightItalic.ttf */ = {isa = PBXFileReference; lastKnownFileType = file; path = "Lato-LightItalic.ttf"; sourceTree = "<group>"; };
		25D8E19A1ED473F2008DC7E2 /* Lato-Regular.ttf */ = {isa = PBXFileReference; lastKnownFileType = file; path = "Lato-Regular.ttf"; sourceTree = "<group>"; };
		25D8E19B1ED473F2008DC7E2 /* OFL.txt */ = {isa = PBXFileReference; fileEncoding = 4; lastKnownFileType = text; path = OFL.txt; sourceTree = "<group>"; };
		25D8E1A91ED47413008DC7E2 /* Roboto-Black.ttf */ = {isa = PBXFileReference; lastKnownFileType = file; path = "Roboto-Black.ttf"; sourceTree = "<group>"; };
		25D8E1AA1ED47413008DC7E2 /* Roboto-BlackItalic.ttf */ = {isa = PBXFileReference; lastKnownFileType = file; path = "Roboto-BlackItalic.ttf"; sourceTree = "<group>"; };
		25D8E1AB1ED47413008DC7E2 /* Roboto-Bold.ttf */ = {isa = PBXFileReference; lastKnownFileType = file; path = "Roboto-Bold.ttf"; sourceTree = "<group>"; };
		25D8E1AC1ED47413008DC7E2 /* Roboto-BoldItalic.ttf */ = {isa = PBXFileReference; lastKnownFileType = file; path = "Roboto-BoldItalic.ttf"; sourceTree = "<group>"; };
		25D8E1AD1ED47413008DC7E2 /* Roboto-Italic.ttf */ = {isa = PBXFileReference; lastKnownFileType = file; path = "Roboto-Italic.ttf"; sourceTree = "<group>"; };
		25D8E1AE1ED47413008DC7E2 /* Roboto-Light.ttf */ = {isa = PBXFileReference; lastKnownFileType = file; path = "Roboto-Light.ttf"; sourceTree = "<group>"; };
		25D8E1AF1ED47413008DC7E2 /* Roboto-LightItalic.ttf */ = {isa = PBXFileReference; lastKnownFileType = file; path = "Roboto-LightItalic.ttf"; sourceTree = "<group>"; };
		25D8E1B01ED47413008DC7E2 /* Roboto-Medium.ttf */ = {isa = PBXFileReference; lastKnownFileType = file; path = "Roboto-Medium.ttf"; sourceTree = "<group>"; };
		25D8E1B11ED47413008DC7E2 /* Roboto-MediumItalic.ttf */ = {isa = PBXFileReference; lastKnownFileType = file; path = "Roboto-MediumItalic.ttf"; sourceTree = "<group>"; };
		25D8E1B21ED47413008DC7E2 /* Roboto-Regular.ttf */ = {isa = PBXFileReference; lastKnownFileType = file; path = "Roboto-Regular.ttf"; sourceTree = "<group>"; };
		25D8E1B31ED47413008DC7E2 /* Roboto-Thin.ttf */ = {isa = PBXFileReference; lastKnownFileType = file; path = "Roboto-Thin.ttf"; sourceTree = "<group>"; };
		25D8E1B41ED47413008DC7E2 /* Roboto-ThinItalic.ttf */ = {isa = PBXFileReference; lastKnownFileType = file; path = "Roboto-ThinItalic.ttf"; sourceTree = "<group>"; };
		25D8E1B51ED47413008DC7E2 /* Roboto_LICENSE.txt */ = {isa = PBXFileReference; fileEncoding = 4; lastKnownFileType = text; path = Roboto_LICENSE.txt; sourceTree = "<group>"; };
		25D8E1B71ED47413008DC7E2 /* Roboto_Condensed_LICENSE.txt */ = {isa = PBXFileReference; fileEncoding = 4; lastKnownFileType = text; path = Roboto_Condensed_LICENSE.txt; sourceTree = "<group>"; };
		25D8E1B81ED47413008DC7E2 /* RobotoCondensed-Bold.ttf */ = {isa = PBXFileReference; lastKnownFileType = file; path = "RobotoCondensed-Bold.ttf"; sourceTree = "<group>"; };
		25D8E1B91ED47413008DC7E2 /* RobotoCondensed-BoldItalic.ttf */ = {isa = PBXFileReference; lastKnownFileType = file; path = "RobotoCondensed-BoldItalic.ttf"; sourceTree = "<group>"; };
		25D8E1BA1ED47413008DC7E2 /* RobotoCondensed-Italic.ttf */ = {isa = PBXFileReference; lastKnownFileType = file; path = "RobotoCondensed-Italic.ttf"; sourceTree = "<group>"; };
		25D8E1BB1ED47413008DC7E2 /* RobotoCondensed-Light.ttf */ = {isa = PBXFileReference; lastKnownFileType = file; path = "RobotoCondensed-Light.ttf"; sourceTree = "<group>"; };
		25D8E1BC1ED47413008DC7E2 /* RobotoCondensed-LightItalic.ttf */ = {isa = PBXFileReference; lastKnownFileType = file; path = "RobotoCondensed-LightItalic.ttf"; sourceTree = "<group>"; };
		25D8E1BD1ED47413008DC7E2 /* RobotoCondensed-Regular.ttf */ = {isa = PBXFileReference; lastKnownFileType = file; path = "RobotoCondensed-Regular.ttf"; sourceTree = "<group>"; };
		25D8E1D31ED47443008DC7E2 /* 001.png */ = {isa = PBXFileReference; lastKnownFileType = image.png; path = 001.png; sourceTree = "<group>"; };
		25D8E1D41ED47443008DC7E2 /* 002.png */ = {isa = PBXFileReference; lastKnownFileType = image.png; path = 002.png; sourceTree = "<group>"; };
		25D8E1D51ED47443008DC7E2 /* 003.png */ = {isa = PBXFileReference; lastKnownFileType = image.png; path = 003.png; sourceTree = "<group>"; };
		25D8E1D61ED47443008DC7E2 /* 004.png */ = {isa = PBXFileReference; lastKnownFileType = image.png; path = 004.png; sourceTree = "<group>"; };
		25D8E1D71ED47443008DC7E2 /* 005.png */ = {isa = PBXFileReference; lastKnownFileType = image.png; path = 005.png; sourceTree = "<group>"; };
		25D8E1D81ED47443008DC7E2 /* 006.png */ = {isa = PBXFileReference; lastKnownFileType = image.png; path = 006.png; sourceTree = "<group>"; };
		25D8E1D91ED47443008DC7E2 /* 007.png */ = {isa = PBXFileReference; lastKnownFileType = image.png; path = 007.png; sourceTree = "<group>"; };
		25D8E1DA1ED47443008DC7E2 /* 008.png */ = {isa = PBXFileReference; lastKnownFileType = image.png; path = 008.png; sourceTree = "<group>"; };
		25D8E1DB1ED47443008DC7E2 /* 009.png */ = {isa = PBXFileReference; lastKnownFileType = image.png; path = 009.png; sourceTree = "<group>"; };
		25D8E1DC1ED47443008DC7E2 /* 010.png */ = {isa = PBXFileReference; lastKnownFileType = image.png; path = 010.png; sourceTree = "<group>"; };
		25D8E1DD1ED47443008DC7E2 /* 011.png */ = {isa = PBXFileReference; lastKnownFileType = image.png; path = 011.png; sourceTree = "<group>"; };
		25D8E1DE1ED47443008DC7E2 /* 012.png */ = {isa = PBXFileReference; lastKnownFileType = image.png; path = 012.png; sourceTree = "<group>"; };
		25D8E1DF1ED47443008DC7E2 /* 013.png */ = {isa = PBXFileReference; lastKnownFileType = image.png; path = 013.png; sourceTree = "<group>"; };
		25D8E1E01ED47443008DC7E2 /* 014.png */ = {isa = PBXFileReference; lastKnownFileType = image.png; path = 014.png; sourceTree = "<group>"; };
		25D8E1E11ED47443008DC7E2 /* 015.png */ = {isa = PBXFileReference; lastKnownFileType = image.png; path = 015.png; sourceTree = "<group>"; };
		25D8E1E21ED47443008DC7E2 /* 016.png */ = {isa = PBXFileReference; lastKnownFileType = image.png; path = 016.png; sourceTree = "<group>"; };
		25D8E1E31ED47443008DC7E2 /* 017.png */ = {isa = PBXFileReference; lastKnownFileType = image.png; path = 017.png; sourceTree = "<group>"; };
		25D8E1E41ED47443008DC7E2 /* 018.png */ = {isa = PBXFileReference; lastKnownFileType = image.png; path = 018.png; sourceTree = "<group>"; };
		25D8E1E51ED47443008DC7E2 /* 019.png */ = {isa = PBXFileReference; lastKnownFileType = image.png; path = 019.png; sourceTree = "<group>"; };
		25D8E1E61ED47443008DC7E2 /* 020.png */ = {isa = PBXFileReference; lastKnownFileType = image.png; path = 020.png; sourceTree = "<group>"; };
		25D8E1E71ED47443008DC7E2 /* 021.png */ = {isa = PBXFileReference; lastKnownFileType = image.png; path = 021.png; sourceTree = "<group>"; };
		25D8E1E81ED47443008DC7E2 /* 022.png */ = {isa = PBXFileReference; lastKnownFileType = image.png; path = 022.png; sourceTree = "<group>"; };
		25D8E1E91ED47443008DC7E2 /* 023.png */ = {isa = PBXFileReference; lastKnownFileType = image.png; path = 023.png; sourceTree = "<group>"; };
		25D8E1EA1ED47443008DC7E2 /* 024.png */ = {isa = PBXFileReference; lastKnownFileType = image.png; path = 024.png; sourceTree = "<group>"; };
		25D8E1EB1ED47443008DC7E2 /* 025.png */ = {isa = PBXFileReference; lastKnownFileType = image.png; path = 025.png; sourceTree = "<group>"; };
		25D8E1EC1ED47443008DC7E2 /* 026.png */ = {isa = PBXFileReference; lastKnownFileType = image.png; path = 026.png; sourceTree = "<group>"; };
		25D8E1ED1ED47443008DC7E2 /* 027.png */ = {isa = PBXFileReference; lastKnownFileType = image.png; path = 027.png; sourceTree = "<group>"; };
		25D8E1EE1ED47443008DC7E2 /* 028.png */ = {isa = PBXFileReference; lastKnownFileType = image.png; path = 028.png; sourceTree = "<group>"; };
		25D8E1EF1ED47443008DC7E2 /* 029.png */ = {isa = PBXFileReference; lastKnownFileType = image.png; path = 029.png; sourceTree = "<group>"; };
		25D8E1F01ED47443008DC7E2 /* 030.png */ = {isa = PBXFileReference; lastKnownFileType = image.png; path = 030.png; sourceTree = "<group>"; };
		25D8E1F11ED47443008DC7E2 /* 031.png */ = {isa = PBXFileReference; lastKnownFileType = image.png; path = 031.png; sourceTree = "<group>"; };
		25D8E1F21ED47443008DC7E2 /* 032.png */ = {isa = PBXFileReference; lastKnownFileType = image.png; path = 032.png; sourceTree = "<group>"; };
		25D8E1F31ED47443008DC7E2 /* 033.png */ = {isa = PBXFileReference; lastKnownFileType = image.png; path = 033.png; sourceTree = "<group>"; };
		25D8E1F41ED47443008DC7E2 /* 034.png */ = {isa = PBXFileReference; lastKnownFileType = image.png; path = 034.png; sourceTree = "<group>"; };
		25D8E1F51ED47443008DC7E2 /* 035.png */ = {isa = PBXFileReference; lastKnownFileType = image.png; path = 035.png; sourceTree = "<group>"; };
		25D8E1F61ED47443008DC7E2 /* 036.png */ = {isa = PBXFileReference; lastKnownFileType = image.png; path = 036.png; sourceTree = "<group>"; };
		25D8E1F71ED47443008DC7E2 /* 037.png */ = {isa = PBXFileReference; lastKnownFileType = image.png; path = 037.png; sourceTree = "<group>"; };
		25D8E1F81ED47443008DC7E2 /* 038.png */ = {isa = PBXFileReference; lastKnownFileType = image.png; path = 038.png; sourceTree = "<group>"; };
		25D8E1F91ED47443008DC7E2 /* 039.png */ = {isa = PBXFileReference; lastKnownFileType = image.png; path = 039.png; sourceTree = "<group>"; };
		25D8E1FA1ED47443008DC7E2 /* 040.png */ = {isa = PBXFileReference; lastKnownFileType = image.png; path = 040.png; sourceTree = "<group>"; };
		25D8E1FB1ED47443008DC7E2 /* 041.png */ = {isa = PBXFileReference; lastKnownFileType = image.png; path = 041.png; sourceTree = "<group>"; };
		25D8E1FC1ED47443008DC7E2 /* 042.png */ = {isa = PBXFileReference; lastKnownFileType = image.png; path = 042.png; sourceTree = "<group>"; };
		25D8E1FD1ED47443008DC7E2 /* 043.png */ = {isa = PBXFileReference; lastKnownFileType = image.png; path = 043.png; sourceTree = "<group>"; };
		25D8E1FE1ED47443008DC7E2 /* 044.png */ = {isa = PBXFileReference; lastKnownFileType = image.png; path = 044.png; sourceTree = "<group>"; };
		25D8E1FF1ED47443008DC7E2 /* 045.png */ = {isa = PBXFileReference; lastKnownFileType = image.png; path = 045.png; sourceTree = "<group>"; };
		25D8E2001ED47443008DC7E2 /* 046.png */ = {isa = PBXFileReference; lastKnownFileType = image.png; path = 046.png; sourceTree = "<group>"; };
		25D8E2011ED47443008DC7E2 /* 047.png */ = {isa = PBXFileReference; lastKnownFileType = image.png; path = 047.png; sourceTree = "<group>"; };
		25D8E2021ED47443008DC7E2 /* 048.png */ = {isa = PBXFileReference; lastKnownFileType = image.png; path = 048.png; sourceTree = "<group>"; };
		25D8E2031ED47443008DC7E2 /* 049.png */ = {isa = PBXFileReference; lastKnownFileType = image.png; path = 049.png; sourceTree = "<group>"; };
		25D8E2041ED47443008DC7E2 /* 050.png */ = {isa = PBXFileReference; lastKnownFileType = image.png; path = 050.png; sourceTree = "<group>"; };
		25D8E2051ED47443008DC7E2 /* 051.png */ = {isa = PBXFileReference; lastKnownFileType = image.png; path = 051.png; sourceTree = "<group>"; };
		25D8E2061ED47443008DC7E2 /* 052.png */ = {isa = PBXFileReference; lastKnownFileType = image.png; path = 052.png; sourceTree = "<group>"; };
		25D8E2071ED47443008DC7E2 /* 053.png */ = {isa = PBXFileReference; lastKnownFileType = image.png; path = 053.png; sourceTree = "<group>"; };
		25D8E2081ED47443008DC7E2 /* 054.png */ = {isa = PBXFileReference; lastKnownFileType = image.png; path = 054.png; sourceTree = "<group>"; };
		25D8E2091ED47443008DC7E2 /* 055.png */ = {isa = PBXFileReference; lastKnownFileType = image.png; path = 055.png; sourceTree = "<group>"; };
		25D8E20A1ED47443008DC7E2 /* 056.png */ = {isa = PBXFileReference; lastKnownFileType = image.png; path = 056.png; sourceTree = "<group>"; };
		25D8E20B1ED47443008DC7E2 /* 057.png */ = {isa = PBXFileReference; lastKnownFileType = image.png; path = 057.png; sourceTree = "<group>"; };
		25D8E20C1ED47443008DC7E2 /* 058.png */ = {isa = PBXFileReference; lastKnownFileType = image.png; path = 058.png; sourceTree = "<group>"; };
		25D8E20D1ED47443008DC7E2 /* 059.png */ = {isa = PBXFileReference; lastKnownFileType = image.png; path = 059.png; sourceTree = "<group>"; };
		25D8E20E1ED47443008DC7E2 /* 060.png */ = {isa = PBXFileReference; lastKnownFileType = image.png; path = 060.png; sourceTree = "<group>"; };
		25D8E20F1ED47443008DC7E2 /* 061.png */ = {isa = PBXFileReference; lastKnownFileType = image.png; path = 061.png; sourceTree = "<group>"; };
		25D8E2101ED47443008DC7E2 /* 062.png */ = {isa = PBXFileReference; lastKnownFileType = image.png; path = 062.png; sourceTree = "<group>"; };
		25D8E2111ED47443008DC7E2 /* 063.png */ = {isa = PBXFileReference; lastKnownFileType = image.png; path = 063.png; sourceTree = "<group>"; };
		25D8E2121ED47443008DC7E2 /* 064.png */ = {isa = PBXFileReference; lastKnownFileType = image.png; path = 064.png; sourceTree = "<group>"; };
		25D8E2131ED47443008DC7E2 /* 065.png */ = {isa = PBXFileReference; lastKnownFileType = image.png; path = 065.png; sourceTree = "<group>"; };
		25D8E2141ED47443008DC7E2 /* 066.png */ = {isa = PBXFileReference; lastKnownFileType = image.png; path = 066.png; sourceTree = "<group>"; };
		25D8E2151ED47443008DC7E2 /* 067.png */ = {isa = PBXFileReference; lastKnownFileType = image.png; path = 067.png; sourceTree = "<group>"; };
		25D8E2161ED47443008DC7E2 /* 068.png */ = {isa = PBXFileReference; lastKnownFileType = image.png; path = 068.png; sourceTree = "<group>"; };
		25D8E2171ED47443008DC7E2 /* 069.png */ = {isa = PBXFileReference; lastKnownFileType = image.png; path = 069.png; sourceTree = "<group>"; };
		25D8E2181ED47443008DC7E2 /* 070.png */ = {isa = PBXFileReference; lastKnownFileType = image.png; path = 070.png; sourceTree = "<group>"; };
		25D8E2191ED47443008DC7E2 /* 071.png */ = {isa = PBXFileReference; lastKnownFileType = image.png; path = 071.png; sourceTree = "<group>"; };
		25D8E21A1ED47443008DC7E2 /* 072.png */ = {isa = PBXFileReference; lastKnownFileType = image.png; path = 072.png; sourceTree = "<group>"; };
		25D8E21B1ED47443008DC7E2 /* 073.png */ = {isa = PBXFileReference; lastKnownFileType = image.png; path = 073.png; sourceTree = "<group>"; };
		25D8E21C1ED47443008DC7E2 /* 074.png */ = {isa = PBXFileReference; lastKnownFileType = image.png; path = 074.png; sourceTree = "<group>"; };
		25D8E21D1ED47443008DC7E2 /* 075.png */ = {isa = PBXFileReference; lastKnownFileType = image.png; path = 075.png; sourceTree = "<group>"; };
		25D8E21E1ED47443008DC7E2 /* 076.png */ = {isa = PBXFileReference; lastKnownFileType = image.png; path = 076.png; sourceTree = "<group>"; };
		25D8E21F1ED47443008DC7E2 /* 077.png */ = {isa = PBXFileReference; lastKnownFileType = image.png; path = 077.png; sourceTree = "<group>"; };
		25D8E2201ED47443008DC7E2 /* 078.png */ = {isa = PBXFileReference; lastKnownFileType = image.png; path = 078.png; sourceTree = "<group>"; };
		25D8E2211ED47443008DC7E2 /* 079.png */ = {isa = PBXFileReference; lastKnownFileType = image.png; path = 079.png; sourceTree = "<group>"; };
		25D8E2221ED47443008DC7E2 /* 080.png */ = {isa = PBXFileReference; lastKnownFileType = image.png; path = 080.png; sourceTree = "<group>"; };
		25D8E2231ED47443008DC7E2 /* 081.png */ = {isa = PBXFileReference; lastKnownFileType = image.png; path = 081.png; sourceTree = "<group>"; };
		25D8E2241ED47443008DC7E2 /* 082.png */ = {isa = PBXFileReference; lastKnownFileType = image.png; path = 082.png; sourceTree = "<group>"; };
		25D8E2251ED47443008DC7E2 /* 083.png */ = {isa = PBXFileReference; lastKnownFileType = image.png; path = 083.png; sourceTree = "<group>"; };
		25D8E2261ED47443008DC7E2 /* 084.png */ = {isa = PBXFileReference; lastKnownFileType = image.png; path = 084.png; sourceTree = "<group>"; };
		25D8E2271ED47443008DC7E2 /* 085.png */ = {isa = PBXFileReference; lastKnownFileType = image.png; path = 085.png; sourceTree = "<group>"; };
		25D8E2281ED47443008DC7E2 /* 086.png */ = {isa = PBXFileReference; lastKnownFileType = image.png; path = 086.png; sourceTree = "<group>"; };
		25D8E2291ED47443008DC7E2 /* 087.png */ = {isa = PBXFileReference; lastKnownFileType = image.png; path = 087.png; sourceTree = "<group>"; };
		25D8E22A1ED47443008DC7E2 /* 088.png */ = {isa = PBXFileReference; lastKnownFileType = image.png; path = 088.png; sourceTree = "<group>"; };
		25D8E22B1ED47443008DC7E2 /* 089.png */ = {isa = PBXFileReference; lastKnownFileType = image.png; path = 089.png; sourceTree = "<group>"; };
		25D8E22C1ED47443008DC7E2 /* 090.png */ = {isa = PBXFileReference; lastKnownFileType = image.png; path = 090.png; sourceTree = "<group>"; };
		25D8E22D1ED47443008DC7E2 /* 091.png */ = {isa = PBXFileReference; lastKnownFileType = image.png; path = 091.png; sourceTree = "<group>"; };
		25D8E22E1ED47443008DC7E2 /* 092.png */ = {isa = PBXFileReference; lastKnownFileType = image.png; path = 092.png; sourceTree = "<group>"; };
		25D8E22F1ED47443008DC7E2 /* 093.png */ = {isa = PBXFileReference; lastKnownFileType = image.png; path = 093.png; sourceTree = "<group>"; };
		25D8E2301ED47443008DC7E2 /* 094.png */ = {isa = PBXFileReference; lastKnownFileType = image.png; path = 094.png; sourceTree = "<group>"; };
		25D8E2311ED47443008DC7E2 /* 095.png */ = {isa = PBXFileReference; lastKnownFileType = image.png; path = 095.png; sourceTree = "<group>"; };
		25D8E2321ED47443008DC7E2 /* 096.png */ = {isa = PBXFileReference; lastKnownFileType = image.png; path = 096.png; sourceTree = "<group>"; };
		25D8E2331ED47443008DC7E2 /* 097.png */ = {isa = PBXFileReference; lastKnownFileType = image.png; path = 097.png; sourceTree = "<group>"; };
		25D8E2341ED47443008DC7E2 /* 098.png */ = {isa = PBXFileReference; lastKnownFileType = image.png; path = 098.png; sourceTree = "<group>"; };
		25D8E2351ED47443008DC7E2 /* 099.png */ = {isa = PBXFileReference; lastKnownFileType = image.png; path = 099.png; sourceTree = "<group>"; };
		25D8E2361ED47443008DC7E2 /* 100.png */ = {isa = PBXFileReference; lastKnownFileType = image.png; path = 100.png; sourceTree = "<group>"; };
		25D8E2371ED47443008DC7E2 /* 101.png */ = {isa = PBXFileReference; lastKnownFileType = image.png; path = 101.png; sourceTree = "<group>"; };
		25D8E2381ED47443008DC7E2 /* 102.png */ = {isa = PBXFileReference; lastKnownFileType = image.png; path = 102.png; sourceTree = "<group>"; };
		25D8E2391ED47443008DC7E2 /* 103.png */ = {isa = PBXFileReference; lastKnownFileType = image.png; path = 103.png; sourceTree = "<group>"; };
		25D8E23A1ED47443008DC7E2 /* 104.png */ = {isa = PBXFileReference; lastKnownFileType = image.png; path = 104.png; sourceTree = "<group>"; };
		25D8E23B1ED47443008DC7E2 /* 105.png */ = {isa = PBXFileReference; lastKnownFileType = image.png; path = 105.png; sourceTree = "<group>"; };
		25D8E23C1ED47443008DC7E2 /* 106.png */ = {isa = PBXFileReference; lastKnownFileType = image.png; path = 106.png; sourceTree = "<group>"; };
		25D8E23D1ED47443008DC7E2 /* 107.png */ = {isa = PBXFileReference; lastKnownFileType = image.png; path = 107.png; sourceTree = "<group>"; };
		25D8E23E1ED47443008DC7E2 /* 108.png */ = {isa = PBXFileReference; lastKnownFileType = image.png; path = 108.png; sourceTree = "<group>"; };
		25D8E23F1ED47443008DC7E2 /* 109.png */ = {isa = PBXFileReference; lastKnownFileType = image.png; path = 109.png; sourceTree = "<group>"; };
		25D8E2401ED47443008DC7E2 /* 110.png */ = {isa = PBXFileReference; lastKnownFileType = image.png; path = 110.png; sourceTree = "<group>"; };
		25D8E2411ED47443008DC7E2 /* 111.png */ = {isa = PBXFileReference; lastKnownFileType = image.png; path = 111.png; sourceTree = "<group>"; };
		25D8E2421ED47443008DC7E2 /* 112.png */ = {isa = PBXFileReference; lastKnownFileType = image.png; path = 112.png; sourceTree = "<group>"; };
		25D8E2431ED47443008DC7E2 /* 113.png */ = {isa = PBXFileReference; lastKnownFileType = image.png; path = 113.png; sourceTree = "<group>"; };
		25D8E2441ED47443008DC7E2 /* 114.png */ = {isa = PBXFileReference; lastKnownFileType = image.png; path = 114.png; sourceTree = "<group>"; };
		25D8E2451ED47443008DC7E2 /* 115.png */ = {isa = PBXFileReference; lastKnownFileType = image.png; path = 115.png; sourceTree = "<group>"; };
		25D8E2461ED47443008DC7E2 /* 116.png */ = {isa = PBXFileReference; lastKnownFileType = image.png; path = 116.png; sourceTree = "<group>"; };
		25D8E2471ED47443008DC7E2 /* 117.png */ = {isa = PBXFileReference; lastKnownFileType = image.png; path = 117.png; sourceTree = "<group>"; };
		25D8E2481ED47443008DC7E2 /* 118.png */ = {isa = PBXFileReference; lastKnownFileType = image.png; path = 118.png; sourceTree = "<group>"; };
		25D8E2491ED47443008DC7E2 /* 119.png */ = {isa = PBXFileReference; lastKnownFileType = image.png; path = 119.png; sourceTree = "<group>"; };
		25D8E24A1ED47443008DC7E2 /* 120.png */ = {isa = PBXFileReference; lastKnownFileType = image.png; path = 120.png; sourceTree = "<group>"; };
		25D8E24B1ED47443008DC7E2 /* 121.png */ = {isa = PBXFileReference; lastKnownFileType = image.png; path = 121.png; sourceTree = "<group>"; };
		25D8E24C1ED47443008DC7E2 /* 122.png */ = {isa = PBXFileReference; lastKnownFileType = image.png; path = 122.png; sourceTree = "<group>"; };
		25D8E24D1ED47443008DC7E2 /* 123.png */ = {isa = PBXFileReference; lastKnownFileType = image.png; path = 123.png; sourceTree = "<group>"; };
		25D8E24E1ED47443008DC7E2 /* 124.png */ = {isa = PBXFileReference; lastKnownFileType = image.png; path = 124.png; sourceTree = "<group>"; };
		25D8E24F1ED47443008DC7E2 /* 125.png */ = {isa = PBXFileReference; lastKnownFileType = image.png; path = 125.png; sourceTree = "<group>"; };
		25D8E2501ED47443008DC7E2 /* 126.png */ = {isa = PBXFileReference; lastKnownFileType = image.png; path = 126.png; sourceTree = "<group>"; };
		25D8E2511ED47443008DC7E2 /* 127.png */ = {isa = PBXFileReference; lastKnownFileType = image.png; path = 127.png; sourceTree = "<group>"; };
		25D8E2521ED47443008DC7E2 /* 128.png */ = {isa = PBXFileReference; lastKnownFileType = image.png; path = 128.png; sourceTree = "<group>"; };
		25D8E2531ED47443008DC7E2 /* 129.png */ = {isa = PBXFileReference; lastKnownFileType = image.png; path = 129.png; sourceTree = "<group>"; };
		25D8E2541ED47443008DC7E2 /* 130.png */ = {isa = PBXFileReference; lastKnownFileType = image.png; path = 130.png; sourceTree = "<group>"; };
		25D8E2551ED47443008DC7E2 /* 131.png */ = {isa = PBXFileReference; lastKnownFileType = image.png; path = 131.png; sourceTree = "<group>"; };
		25D8E2561ED47443008DC7E2 /* 132.png */ = {isa = PBXFileReference; lastKnownFileType = image.png; path = 132.png; sourceTree = "<group>"; };
		25D8E2571ED47443008DC7E2 /* 133.png */ = {isa = PBXFileReference; lastKnownFileType = image.png; path = 133.png; sourceTree = "<group>"; };
		25D8E2581ED47443008DC7E2 /* 134.png */ = {isa = PBXFileReference; lastKnownFileType = image.png; path = 134.png; sourceTree = "<group>"; };
		25D8E2591ED47443008DC7E2 /* 135.png */ = {isa = PBXFileReference; lastKnownFileType = image.png; path = 135.png; sourceTree = "<group>"; };
		25D8E25A1ED47443008DC7E2 /* 136.png */ = {isa = PBXFileReference; lastKnownFileType = image.png; path = 136.png; sourceTree = "<group>"; };
		25D8E25B1ED47443008DC7E2 /* 137.png */ = {isa = PBXFileReference; lastKnownFileType = image.png; path = 137.png; sourceTree = "<group>"; };
		25D8E25C1ED47443008DC7E2 /* 138.png */ = {isa = PBXFileReference; lastKnownFileType = image.png; path = 138.png; sourceTree = "<group>"; };
		25D8E25D1ED47443008DC7E2 /* 139.png */ = {isa = PBXFileReference; lastKnownFileType = image.png; path = 139.png; sourceTree = "<group>"; };
		25D8E25E1ED47443008DC7E2 /* 140.png */ = {isa = PBXFileReference; lastKnownFileType = image.png; path = 140.png; sourceTree = "<group>"; };
		25D8E25F1ED47443008DC7E2 /* 141.png */ = {isa = PBXFileReference; lastKnownFileType = image.png; path = 141.png; sourceTree = "<group>"; };
		25D8E2601ED47443008DC7E2 /* 142.png */ = {isa = PBXFileReference; lastKnownFileType = image.png; path = 142.png; sourceTree = "<group>"; };
		25D8E2611ED47443008DC7E2 /* 143.png */ = {isa = PBXFileReference; lastKnownFileType = image.png; path = 143.png; sourceTree = "<group>"; };
		25D8E2621ED47443008DC7E2 /* 144.png */ = {isa = PBXFileReference; lastKnownFileType = image.png; path = 144.png; sourceTree = "<group>"; };
		25D8E2631ED47443008DC7E2 /* 145.png */ = {isa = PBXFileReference; lastKnownFileType = image.png; path = 145.png; sourceTree = "<group>"; };
		25D8E2641ED47443008DC7E2 /* 146.png */ = {isa = PBXFileReference; lastKnownFileType = image.png; path = 146.png; sourceTree = "<group>"; };
		25D8E2651ED47443008DC7E2 /* 147.png */ = {isa = PBXFileReference; lastKnownFileType = image.png; path = 147.png; sourceTree = "<group>"; };
		25D8E2661ED47443008DC7E2 /* 148.png */ = {isa = PBXFileReference; lastKnownFileType = image.png; path = 148.png; sourceTree = "<group>"; };
		25D8E2671ED47443008DC7E2 /* 149.png */ = {isa = PBXFileReference; lastKnownFileType = image.png; path = 149.png; sourceTree = "<group>"; };
		25D8E2681ED47443008DC7E2 /* 150.png */ = {isa = PBXFileReference; lastKnownFileType = image.png; path = 150.png; sourceTree = "<group>"; };
		25D8E2691ED47443008DC7E2 /* 151.png */ = {isa = PBXFileReference; lastKnownFileType = image.png; path = 151.png; sourceTree = "<group>"; };
		25D8E26A1ED47443008DC7E2 /* default_image.png */ = {isa = PBXFileReference; lastKnownFileType = image.png; path = default_image.png; sourceTree = "<group>"; };
		25D8E26B1ED47443008DC7E2 /* right-arrow.png */ = {isa = PBXFileReference; lastKnownFileType = image.png; path = "right-arrow.png"; sourceTree = "<group>"; };
		25D8E26C1ED47443008DC7E2 /* right_arrow_bold.png */ = {isa = PBXFileReference; lastKnownFileType = image.png; path = right_arrow_bold.png; sourceTree = "<group>"; };
/* End PBXFileReference section */

/* Begin PBXFrameworksBuildPhase section */
		25B28E8E1E957D4B0031FF8D /* Frameworks */ = {
			isa = PBXFrameworksBuildPhase;
			buildActionMask = 2147483647;
			files = (
			);
			runOnlyForDeploymentPostprocessing = 0;
		};
		25B28EA21E957D4C0031FF8D /* Frameworks */ = {
			isa = PBXFrameworksBuildPhase;
			buildActionMask = 2147483647;
			files = (
			);
			runOnlyForDeploymentPostprocessing = 0;
		};
/* End PBXFrameworksBuildPhase section */

/* Begin PBXGroup section */
		2503E3041EBB38070083C92A /* Assets */ = {
			isa = PBXGroup;
			children = (
				25D8E1D21ED47443008DC7E2 /* Images */,
				25D8E1A71ED473FF008DC7E2 /* Fonts */,
			);
			name = Assets;
			path = ..;
			sourceTree = "<group>";
		};
		25B28E881E957D4B0031FF8D = {
			isa = PBXGroup;
			children = (
				25B28E931E957D4B0031FF8D /* PokeStep */,
				25B28EA81E957D4C0031FF8D /* PokeStepTests */,
				25B28E921E957D4B0031FF8D /* Products */,
			);
			sourceTree = "<group>";
		};
		25B28E921E957D4B0031FF8D /* Products */ = {
			isa = PBXGroup;
			children = (
				25B28E911E957D4B0031FF8D /* PokeStep.app */,
				25B28EA51E957D4C0031FF8D /* PokeStepTests.xctest */,
			);
			name = Products;
			sourceTree = "<group>";
		};
		25B28E931E957D4B0031FF8D /* PokeStep */ = {
			isa = PBXGroup;
			children = (
				2503E3041EBB38070083C92A /* Assets */,
				25CE06041E97A96700C9914B /* pokedex.json */,
				25B28E941E957D4B0031FF8D /* AppDelegate.swift */,
				25B28E961E957D4B0031FF8D /* PokemonViewController.swift */,
				2588282F1EBCD6DF002991EB /* PokedexController.swift */,
				25B28E981E957D4B0031FF8D /* Main.storyboard */,
				25B28E9B1E957D4B0031FF8D /* Assets.xcassets */,
				25B28E9D1E957D4C0031FF8D /* LaunchScreen.storyboard */,
				25B28EA01E957D4C0031FF8D /* Info.plist */,
				25CAFA231ED34BBE009C8250 /* Pokemon.swift */,
			);
			path = PokeStep;
			sourceTree = "<group>";
		};
		25B28EA81E957D4C0031FF8D /* PokeStepTests */ = {
			isa = PBXGroup;
			children = (
				25B28EA91E957D4C0031FF8D /* PokeStepTests.swift */,
				25B28EAB1E957D4C0031FF8D /* Info.plist */,
			);
			path = PokeStepTests;
			sourceTree = "<group>";
		};
		25D8E1901ED473F2008DC7E2 /* Lato */ = {
			isa = PBXGroup;
			children = (
				25D8E1911ED473F2008DC7E2 /* Lato-Black.ttf */,
				25D8E1921ED473F2008DC7E2 /* Lato-BlackItalic.ttf */,
				25D8E1931ED473F2008DC7E2 /* Lato-Bold.ttf */,
				25D8E1941ED473F2008DC7E2 /* Lato-BoldItalic.ttf */,
				25D8E1951ED473F2008DC7E2 /* Lato-Hairline.ttf */,
				25D8E1961ED473F2008DC7E2 /* Lato-HairlineItalic.ttf */,
				25D8E1971ED473F2008DC7E2 /* Lato-Italic.ttf */,
				25D8E1981ED473F2008DC7E2 /* Lato-Light.ttf */,
				25D8E1991ED473F2008DC7E2 /* Lato-LightItalic.ttf */,
				25D8E19A1ED473F2008DC7E2 /* Lato-Regular.ttf */,
				25D8E19B1ED473F2008DC7E2 /* OFL.txt */,
			);
			name = Lato;
			path = Assets/Fonts/Lato;
			sourceTree = "<group>";
		};
		25D8E1A71ED473FF008DC7E2 /* Fonts */ = {
			isa = PBXGroup;
			children = (
				25D8E1A81ED47413008DC7E2 /* Roboto */,
				25D8E1B61ED47413008DC7E2 /* Roboto_Condensed */,
				25D8E1901ED473F2008DC7E2 /* Lato */,
			);
			name = Fonts;
			sourceTree = "<group>";
		};
		25D8E1A81ED47413008DC7E2 /* Roboto */ = {
			isa = PBXGroup;
			children = (
				25D8E1A91ED47413008DC7E2 /* Roboto-Black.ttf */,
				25D8E1AA1ED47413008DC7E2 /* Roboto-BlackItalic.ttf */,
				25D8E1AB1ED47413008DC7E2 /* Roboto-Bold.ttf */,
				25D8E1AC1ED47413008DC7E2 /* Roboto-BoldItalic.ttf */,
				25D8E1AD1ED47413008DC7E2 /* Roboto-Italic.ttf */,
				25D8E1AE1ED47413008DC7E2 /* Roboto-Light.ttf */,
				25D8E1AF1ED47413008DC7E2 /* Roboto-LightItalic.ttf */,
				25D8E1B01ED47413008DC7E2 /* Roboto-Medium.ttf */,
				25D8E1B11ED47413008DC7E2 /* Roboto-MediumItalic.ttf */,
				25D8E1B21ED47413008DC7E2 /* Roboto-Regular.ttf */,
				25D8E1B31ED47413008DC7E2 /* Roboto-Thin.ttf */,
				25D8E1B41ED47413008DC7E2 /* Roboto-ThinItalic.ttf */,
				25D8E1B51ED47413008DC7E2 /* Roboto_LICENSE.txt */,
			);
			name = Roboto;
			path = Assets/Fonts/Roboto;
			sourceTree = "<group>";
		};
		25D8E1B61ED47413008DC7E2 /* Roboto_Condensed */ = {
			isa = PBXGroup;
			children = (
				25D8E1B71ED47413008DC7E2 /* Roboto_Condensed_LICENSE.txt */,
				25D8E1B81ED47413008DC7E2 /* RobotoCondensed-Bold.ttf */,
				25D8E1B91ED47413008DC7E2 /* RobotoCondensed-BoldItalic.ttf */,
				25D8E1BA1ED47413008DC7E2 /* RobotoCondensed-Italic.ttf */,
				25D8E1BB1ED47413008DC7E2 /* RobotoCondensed-Light.ttf */,
				25D8E1BC1ED47413008DC7E2 /* RobotoCondensed-LightItalic.ttf */,
				25D8E1BD1ED47413008DC7E2 /* RobotoCondensed-Regular.ttf */,
			);
			name = Roboto_Condensed;
			path = Assets/Fonts/Roboto_Condensed;
			sourceTree = "<group>";
		};
		25D8E1D21ED47443008DC7E2 /* Images */ = {
			isa = PBXGroup;
			children = (
				25D8E1D31ED47443008DC7E2 /* 001.png */,
				25D8E1D41ED47443008DC7E2 /* 002.png */,
				25D8E1D51ED47443008DC7E2 /* 003.png */,
				25D8E1D61ED47443008DC7E2 /* 004.png */,
				25D8E1D71ED47443008DC7E2 /* 005.png */,
				25D8E1D81ED47443008DC7E2 /* 006.png */,
				25D8E1D91ED47443008DC7E2 /* 007.png */,
				25D8E1DA1ED47443008DC7E2 /* 008.png */,
				25D8E1DB1ED47443008DC7E2 /* 009.png */,
				25D8E1DC1ED47443008DC7E2 /* 010.png */,
				25D8E1DD1ED47443008DC7E2 /* 011.png */,
				25D8E1DE1ED47443008DC7E2 /* 012.png */,
				25D8E1DF1ED47443008DC7E2 /* 013.png */,
				25D8E1E01ED47443008DC7E2 /* 014.png */,
				25D8E1E11ED47443008DC7E2 /* 015.png */,
				25D8E1E21ED47443008DC7E2 /* 016.png */,
				25D8E1E31ED47443008DC7E2 /* 017.png */,
				25D8E1E41ED47443008DC7E2 /* 018.png */,
				25D8E1E51ED47443008DC7E2 /* 019.png */,
				25D8E1E61ED47443008DC7E2 /* 020.png */,
				25D8E1E71ED47443008DC7E2 /* 021.png */,
				25D8E1E81ED47443008DC7E2 /* 022.png */,
				25D8E1E91ED47443008DC7E2 /* 023.png */,
				25D8E1EA1ED47443008DC7E2 /* 024.png */,
				25D8E1EB1ED47443008DC7E2 /* 025.png */,
				25D8E1EC1ED47443008DC7E2 /* 026.png */,
				25D8E1ED1ED47443008DC7E2 /* 027.png */,
				25D8E1EE1ED47443008DC7E2 /* 028.png */,
				25D8E1EF1ED47443008DC7E2 /* 029.png */,
				25D8E1F01ED47443008DC7E2 /* 030.png */,
				25D8E1F11ED47443008DC7E2 /* 031.png */,
				25D8E1F21ED47443008DC7E2 /* 032.png */,
				25D8E1F31ED47443008DC7E2 /* 033.png */,
				25D8E1F41ED47443008DC7E2 /* 034.png */,
				25D8E1F51ED47443008DC7E2 /* 035.png */,
				25D8E1F61ED47443008DC7E2 /* 036.png */,
				25D8E1F71ED47443008DC7E2 /* 037.png */,
				25D8E1F81ED47443008DC7E2 /* 038.png */,
				25D8E1F91ED47443008DC7E2 /* 039.png */,
				25D8E1FA1ED47443008DC7E2 /* 040.png */,
				25D8E1FB1ED47443008DC7E2 /* 041.png */,
				25D8E1FC1ED47443008DC7E2 /* 042.png */,
				25D8E1FD1ED47443008DC7E2 /* 043.png */,
				25D8E1FE1ED47443008DC7E2 /* 044.png */,
				25D8E1FF1ED47443008DC7E2 /* 045.png */,
				25D8E2001ED47443008DC7E2 /* 046.png */,
				25D8E2011ED47443008DC7E2 /* 047.png */,
				25D8E2021ED47443008DC7E2 /* 048.png */,
				25D8E2031ED47443008DC7E2 /* 049.png */,
				25D8E2041ED47443008DC7E2 /* 050.png */,
				25D8E2051ED47443008DC7E2 /* 051.png */,
				25D8E2061ED47443008DC7E2 /* 052.png */,
				25D8E2071ED47443008DC7E2 /* 053.png */,
				25D8E2081ED47443008DC7E2 /* 054.png */,
				25D8E2091ED47443008DC7E2 /* 055.png */,
				25D8E20A1ED47443008DC7E2 /* 056.png */,
				25D8E20B1ED47443008DC7E2 /* 057.png */,
				25D8E20C1ED47443008DC7E2 /* 058.png */,
				25D8E20D1ED47443008DC7E2 /* 059.png */,
				25D8E20E1ED47443008DC7E2 /* 060.png */,
				25D8E20F1ED47443008DC7E2 /* 061.png */,
				25D8E2101ED47443008DC7E2 /* 062.png */,
				25D8E2111ED47443008DC7E2 /* 063.png */,
				25D8E2121ED47443008DC7E2 /* 064.png */,
				25D8E2131ED47443008DC7E2 /* 065.png */,
				25D8E2141ED47443008DC7E2 /* 066.png */,
				25D8E2151ED47443008DC7E2 /* 067.png */,
				25D8E2161ED47443008DC7E2 /* 068.png */,
				25D8E2171ED47443008DC7E2 /* 069.png */,
				25D8E2181ED47443008DC7E2 /* 070.png */,
				25D8E2191ED47443008DC7E2 /* 071.png */,
				25D8E21A1ED47443008DC7E2 /* 072.png */,
				25D8E21B1ED47443008DC7E2 /* 073.png */,
				25D8E21C1ED47443008DC7E2 /* 074.png */,
				25D8E21D1ED47443008DC7E2 /* 075.png */,
				25D8E21E1ED47443008DC7E2 /* 076.png */,
				25D8E21F1ED47443008DC7E2 /* 077.png */,
				25D8E2201ED47443008DC7E2 /* 078.png */,
				25D8E2211ED47443008DC7E2 /* 079.png */,
				25D8E2221ED47443008DC7E2 /* 080.png */,
				25D8E2231ED47443008DC7E2 /* 081.png */,
				25D8E2241ED47443008DC7E2 /* 082.png */,
				25D8E2251ED47443008DC7E2 /* 083.png */,
				25D8E2261ED47443008DC7E2 /* 084.png */,
				25D8E2271ED47443008DC7E2 /* 085.png */,
				25D8E2281ED47443008DC7E2 /* 086.png */,
				25D8E2291ED47443008DC7E2 /* 087.png */,
				25D8E22A1ED47443008DC7E2 /* 088.png */,
				25D8E22B1ED47443008DC7E2 /* 089.png */,
				25D8E22C1ED47443008DC7E2 /* 090.png */,
				25D8E22D1ED47443008DC7E2 /* 091.png */,
				25D8E22E1ED47443008DC7E2 /* 092.png */,
				25D8E22F1ED47443008DC7E2 /* 093.png */,
				25D8E2301ED47443008DC7E2 /* 094.png */,
				25D8E2311ED47443008DC7E2 /* 095.png */,
				25D8E2321ED47443008DC7E2 /* 096.png */,
				25D8E2331ED47443008DC7E2 /* 097.png */,
				25D8E2341ED47443008DC7E2 /* 098.png */,
				25D8E2351ED47443008DC7E2 /* 099.png */,
				25D8E2361ED47443008DC7E2 /* 100.png */,
				25D8E2371ED47443008DC7E2 /* 101.png */,
				25D8E2381ED47443008DC7E2 /* 102.png */,
				25D8E2391ED47443008DC7E2 /* 103.png */,
				25D8E23A1ED47443008DC7E2 /* 104.png */,
				25D8E23B1ED47443008DC7E2 /* 105.png */,
				25D8E23C1ED47443008DC7E2 /* 106.png */,
				25D8E23D1ED47443008DC7E2 /* 107.png */,
				25D8E23E1ED47443008DC7E2 /* 108.png */,
				25D8E23F1ED47443008DC7E2 /* 109.png */,
				25D8E2401ED47443008DC7E2 /* 110.png */,
				25D8E2411ED47443008DC7E2 /* 111.png */,
				25D8E2421ED47443008DC7E2 /* 112.png */,
				25D8E2431ED47443008DC7E2 /* 113.png */,
				25D8E2441ED47443008DC7E2 /* 114.png */,
				25D8E2451ED47443008DC7E2 /* 115.png */,
				25D8E2461ED47443008DC7E2 /* 116.png */,
				25D8E2471ED47443008DC7E2 /* 117.png */,
				25D8E2481ED47443008DC7E2 /* 118.png */,
				25D8E2491ED47443008DC7E2 /* 119.png */,
				25D8E24A1ED47443008DC7E2 /* 120.png */,
				25D8E24B1ED47443008DC7E2 /* 121.png */,
				25D8E24C1ED47443008DC7E2 /* 122.png */,
				25D8E24D1ED47443008DC7E2 /* 123.png */,
				25D8E24E1ED47443008DC7E2 /* 124.png */,
				25D8E24F1ED47443008DC7E2 /* 125.png */,
				25D8E2501ED47443008DC7E2 /* 126.png */,
				25D8E2511ED47443008DC7E2 /* 127.png */,
				25D8E2521ED47443008DC7E2 /* 128.png */,
				25D8E2531ED47443008DC7E2 /* 129.png */,
				25D8E2541ED47443008DC7E2 /* 130.png */,
				25D8E2551ED47443008DC7E2 /* 131.png */,
				25D8E2561ED47443008DC7E2 /* 132.png */,
				25D8E2571ED47443008DC7E2 /* 133.png */,
				25D8E2581ED47443008DC7E2 /* 134.png */,
				25D8E2591ED47443008DC7E2 /* 135.png */,
				25D8E25A1ED47443008DC7E2 /* 136.png */,
				25D8E25B1ED47443008DC7E2 /* 137.png */,
				25D8E25C1ED47443008DC7E2 /* 138.png */,
				25D8E25D1ED47443008DC7E2 /* 139.png */,
				25D8E25E1ED47443008DC7E2 /* 140.png */,
				25D8E25F1ED47443008DC7E2 /* 141.png */,
				25D8E2601ED47443008DC7E2 /* 142.png */,
				25D8E2611ED47443008DC7E2 /* 143.png */,
				25D8E2621ED47443008DC7E2 /* 144.png */,
				25D8E2631ED47443008DC7E2 /* 145.png */,
				25D8E2641ED47443008DC7E2 /* 146.png */,
				25D8E2651ED47443008DC7E2 /* 147.png */,
				25D8E2661ED47443008DC7E2 /* 148.png */,
				25D8E2671ED47443008DC7E2 /* 149.png */,
				25D8E2681ED47443008DC7E2 /* 150.png */,
				25D8E2691ED47443008DC7E2 /* 151.png */,
				25D8E26A1ED47443008DC7E2 /* default_image.png */,
				25D8E26B1ED47443008DC7E2 /* right-arrow.png */,
				25D8E26C1ED47443008DC7E2 /* right_arrow_bold.png */,
			);
			name = Images;
			path = Assets/Images;
			sourceTree = "<group>";
		};
/* End PBXGroup section */

/* Begin PBXNativeTarget section */
		25B28E901E957D4B0031FF8D /* PokeStep */ = {
			isa = PBXNativeTarget;
			buildConfigurationList = 25B28EAE1E957D4C0031FF8D /* Build configuration list for PBXNativeTarget "PokeStep" */;
			buildPhases = (
				25B28E8D1E957D4B0031FF8D /* Sources */,
				25B28E8E1E957D4B0031FF8D /* Frameworks */,
				25B28E8F1E957D4B0031FF8D /* Resources */,
			);
			buildRules = (
			);
			dependencies = (
			);
			name = PokeStep;
			productName = PokeStep;
			productReference = 25B28E911E957D4B0031FF8D /* PokeStep.app */;
			productType = "com.apple.product-type.application";
		};
		25B28EA41E957D4C0031FF8D /* PokeStepTests */ = {
			isa = PBXNativeTarget;
			buildConfigurationList = 25B28EB11E957D4C0031FF8D /* Build configuration list for PBXNativeTarget "PokeStepTests" */;
			buildPhases = (
				25B28EA11E957D4C0031FF8D /* Sources */,
				25B28EA21E957D4C0031FF8D /* Frameworks */,
				25B28EA31E957D4C0031FF8D /* Resources */,
			);
			buildRules = (
			);
			dependencies = (
				25B28EA71E957D4C0031FF8D /* PBXTargetDependency */,
			);
			name = PokeStepTests;
			productName = PokeStepTests;
			productReference = 25B28EA51E957D4C0031FF8D /* PokeStepTests.xctest */;
			productType = "com.apple.product-type.bundle.unit-test";
		};
/* End PBXNativeTarget section */

/* Begin PBXProject section */
		25B28E891E957D4B0031FF8D /* Project object */ = {
			isa = PBXProject;
			attributes = {
				LastSwiftUpdateCheck = 0800;
				LastUpgradeCheck = 0800;
				ORGANIZATIONNAME = WIT;
				TargetAttributes = {
					25B28E901E957D4B0031FF8D = {
						CreatedOnToolsVersion = 8.0;
						ProvisioningStyle = Automatic;
					};
					25B28EA41E957D4C0031FF8D = {
						CreatedOnToolsVersion = 8.0;
						ProvisioningStyle = Automatic;
						TestTargetID = 25B28E901E957D4B0031FF8D;
					};
				};
			};
			buildConfigurationList = 25B28E8C1E957D4B0031FF8D /* Build configuration list for PBXProject "PokeStep" */;
			compatibilityVersion = "Xcode 3.2";
			developmentRegion = English;
			hasScannedForEncodings = 0;
			knownRegions = (
				en,
				Base,
			);
			mainGroup = 25B28E881E957D4B0031FF8D;
			productRefGroup = 25B28E921E957D4B0031FF8D /* Products */;
			projectDirPath = "";
			projectRoot = "";
			targets = (
				25B28E901E957D4B0031FF8D /* PokeStep */,
				25B28EA41E957D4C0031FF8D /* PokeStepTests */,
			);
		};
/* End PBXProject section */

/* Begin PBXResourcesBuildPhase section */
		25B28E8F1E957D4B0031FF8D /* Resources */ = {
			isa = PBXResourcesBuildPhase;
			buildActionMask = 2147483647;
			files = (
				25D8E2CA1ED47443008DC7E2 /* 094.png in Resources */,
				25D8E2E01ED47443008DC7E2 /* 116.png in Resources */,
				25D8E2C71ED47443008DC7E2 /* 091.png in Resources */,
				25D8E2EF1ED47443008DC7E2 /* 131.png in Resources */,
				25D8E29F1ED47443008DC7E2 /* 051.png in Resources */,
				25D8E2741ED47443008DC7E2 /* 008.png in Resources */,
				25D8E1C01ED47413008DC7E2 /* Roboto-Bold.ttf in Resources */,
				25D8E27A1ED47443008DC7E2 /* 014.png in Resources */,
				25D8E2EC1ED47443008DC7E2 /* 128.png in Resources */,
				25D8E2DE1ED47443008DC7E2 /* 114.png in Resources */,
				25D8E2CD1ED47443008DC7E2 /* 097.png in Resources */,
				25D8E2BC1ED47443008DC7E2 /* 080.png in Resources */,
				25D8E2D71ED47443008DC7E2 /* 107.png in Resources */,
				25D8E29D1ED47443008DC7E2 /* 049.png in Resources */,
				25D8E2EA1ED47443008DC7E2 /* 126.png in Resources */,
				25D8E2FA1ED47443008DC7E2 /* 142.png in Resources */,
				25D8E2C41ED47443008DC7E2 /* 088.png in Resources */,
				25D8E29A1ED47443008DC7E2 /* 046.png in Resources */,
				25D8E2C21ED47443008DC7E2 /* 086.png in Resources */,
				25D8E1C81ED47413008DC7E2 /* Roboto-Thin.ttf in Resources */,
				25D8E2761ED47443008DC7E2 /* 010.png in Resources */,
				25D8E2CE1ED47443008DC7E2 /* 098.png in Resources */,
				25D8E2901ED47443008DC7E2 /* 036.png in Resources */,
				25D8E2D51ED47443008DC7E2 /* 105.png in Resources */,
				25D8E2AC1ED47443008DC7E2 /* 064.png in Resources */,
				25D8E2E21ED47443008DC7E2 /* 118.png in Resources */,
				25D8E1CB1ED47413008DC7E2 /* Roboto_Condensed_LICENSE.txt in Resources */,
				25D8E3061ED47443008DC7E2 /* right_arrow_bold.png in Resources */,
				25D8E2EB1ED47443008DC7E2 /* 127.png in Resources */,
				25D8E2A11ED47443008DC7E2 /* 053.png in Resources */,
				25D8E2B51ED47443008DC7E2 /* 073.png in Resources */,
				25D8E2B31ED47443008DC7E2 /* 071.png in Resources */,
				25D8E2D81ED47443008DC7E2 /* 108.png in Resources */,
				25D8E1A11ED473F2008DC7E2 /* Lato-HairlineItalic.ttf in Resources */,
				25D8E3001ED47443008DC7E2 /* 148.png in Resources */,
				25D8E2B81ED47443008DC7E2 /* 076.png in Resources */,
				25D8E2F71ED47443008DC7E2 /* 139.png in Resources */,
				25D8E3021ED47443008DC7E2 /* 150.png in Resources */,
				25D8E29E1ED47443008DC7E2 /* 050.png in Resources */,
				25D8E2FF1ED47443008DC7E2 /* 147.png in Resources */,
				25D8E3031ED47443008DC7E2 /* 151.png in Resources */,
				25D8E2871ED47443008DC7E2 /* 027.png in Resources */,
				25D8E2C91ED47443008DC7E2 /* 093.png in Resources */,
				25D8E19D1ED473F2008DC7E2 /* Lato-BlackItalic.ttf in Resources */,
				25D8E1C41ED47413008DC7E2 /* Roboto-LightItalic.ttf in Resources */,
				25CE06051E97A96700C9914B /* pokedex.json in Resources */,
				25D8E2ED1ED47443008DC7E2 /* 129.png in Resources */,
				25D8E2AE1ED47443008DC7E2 /* 066.png in Resources */,
				25D8E27D1ED47443008DC7E2 /* 017.png in Resources */,
				25D8E28B1ED47443008DC7E2 /* 031.png in Resources */,
				25D8E2C51ED47443008DC7E2 /* 089.png in Resources */,
				25D8E2E81ED47443008DC7E2 /* 124.png in Resources */,
				25D8E2F31ED47443008DC7E2 /* 135.png in Resources */,
				25D8E2FD1ED47443008DC7E2 /* 145.png in Resources */,
				25D8E2D91ED47443008DC7E2 /* 109.png in Resources */,
				25D8E2A01ED47443008DC7E2 /* 052.png in Resources */,
				25D8E2DF1ED47443008DC7E2 /* 115.png in Resources */,
				25D8E1A51ED473F2008DC7E2 /* Lato-Regular.ttf in Resources */,
				25D8E1CC1ED47413008DC7E2 /* RobotoCondensed-Bold.ttf in Resources */,
				25D8E27E1ED47443008DC7E2 /* 018.png in Resources */,
				25D8E26E1ED47443008DC7E2 /* 002.png in Resources */,
				25D8E2C31ED47443008DC7E2 /* 087.png in Resources */,
				25D8E1A41ED473F2008DC7E2 /* Lato-LightItalic.ttf in Resources */,
				25B28E9F1E957D4C0031FF8D /* LaunchScreen.storyboard in Resources */,
				25D8E2F01ED47443008DC7E2 /* 132.png in Resources */,
				25D8E19C1ED473F2008DC7E2 /* Lato-Black.ttf in Resources */,
				25D8E2CF1ED47443008DC7E2 /* 099.png in Resources */,
				25D8E28D1ED47443008DC7E2 /* 033.png in Resources */,
				25D8E1A21ED473F2008DC7E2 /* Lato-Italic.ttf in Resources */,
				25D8E2751ED47443008DC7E2 /* 009.png in Resources */,
				25D8E2FE1ED47443008DC7E2 /* 146.png in Resources */,
				25D8E2891ED47443008DC7E2 /* 029.png in Resources */,
				25D8E27B1ED47443008DC7E2 /* 015.png in Resources */,
				25D8E2AD1ED47443008DC7E2 /* 065.png in Resources */,
				25D8E2C11ED47443008DC7E2 /* 085.png in Resources */,
				25D8E2851ED47443008DC7E2 /* 025.png in Resources */,
				25D8E2E61ED47443008DC7E2 /* 122.png in Resources */,
				25D8E2A81ED47443008DC7E2 /* 060.png in Resources */,
				25D8E2B01ED47443008DC7E2 /* 068.png in Resources */,
				25D8E2811ED47443008DC7E2 /* 021.png in Resources */,
				25D8E1A01ED473F2008DC7E2 /* Lato-Hairline.ttf in Resources */,
				25D8E2DD1ED47443008DC7E2 /* 113.png in Resources */,
				25D8E2AF1ED47443008DC7E2 /* 067.png in Resources */,
				25D8E2711ED47443008DC7E2 /* 005.png in Resources */,
				25D8E2A41ED47443008DC7E2 /* 056.png in Resources */,
				25D8E1CF1ED47413008DC7E2 /* RobotoCondensed-Light.ttf in Resources */,
				25D8E2F81ED47443008DC7E2 /* 140.png in Resources */,
				25D8E2771ED47443008DC7E2 /* 011.png in Resources */,
				25D8E2EE1ED47443008DC7E2 /* 130.png in Resources */,
				25D8E2D11ED47443008DC7E2 /* 101.png in Resources */,
				25D8E2DB1ED47443008DC7E2 /* 111.png in Resources */,
				25D8E2B61ED47443008DC7E2 /* 074.png in Resources */,
				25D8E29B1ED47443008DC7E2 /* 047.png in Resources */,
				25D8E2BD1ED47443008DC7E2 /* 081.png in Resources */,
				25D8E2A21ED47443008DC7E2 /* 054.png in Resources */,
				25D8E2DA1ED47443008DC7E2 /* 110.png in Resources */,
				25D8E2781ED47443008DC7E2 /* 012.png in Resources */,
				25D8E2E31ED47443008DC7E2 /* 119.png in Resources */,
				25D8E2CB1ED47443008DC7E2 /* 095.png in Resources */,
				25D8E2F21ED47443008DC7E2 /* 134.png in Resources */,
				25D8E2F41ED47443008DC7E2 /* 136.png in Resources */,
				25D8E3051ED47443008DC7E2 /* right-arrow.png in Resources */,
				25D8E2981ED47443008DC7E2 /* 044.png in Resources */,
				25D8E2E91ED47443008DC7E2 /* 125.png in Resources */,
				25D8E2FB1ED47443008DC7E2 /* 143.png in Resources */,
				25D8E2B11ED47443008DC7E2 /* 069.png in Resources */,
				25D8E2F91ED47443008DC7E2 /* 141.png in Resources */,
				25B28E9C1E957D4B0031FF8D /* Assets.xcassets in Resources */,
				25D8E1C61ED47413008DC7E2 /* Roboto-MediumItalic.ttf in Resources */,
				25D8E2721ED47443008DC7E2 /* 006.png in Resources */,
				25D8E2911ED47443008DC7E2 /* 037.png in Resources */,
				25D8E1C21ED47413008DC7E2 /* Roboto-Italic.ttf in Resources */,
				25D8E2BA1ED47443008DC7E2 /* 078.png in Resources */,
				25D8E2A61ED47443008DC7E2 /* 058.png in Resources */,
				25D8E29C1ED47443008DC7E2 /* 048.png in Resources */,
				25D8E2931ED47443008DC7E2 /* 039.png in Resources */,
				25D8E28C1ED47443008DC7E2 /* 032.png in Resources */,
				25D8E19F1ED473F2008DC7E2 /* Lato-BoldItalic.ttf in Resources */,
				25D8E2C61ED47443008DC7E2 /* 090.png in Resources */,
				25D8E1C11ED47413008DC7E2 /* Roboto-BoldItalic.ttf in Resources */,
				25D8E2D01ED47443008DC7E2 /* 100.png in Resources */,
				25D8E2821ED47443008DC7E2 /* 022.png in Resources */,
				25D8E27C1ED47443008DC7E2 /* 016.png in Resources */,
				25D8E1BF1ED47413008DC7E2 /* Roboto-BlackItalic.ttf in Resources */,
				25D8E1D11ED47413008DC7E2 /* RobotoCondensed-Regular.ttf in Resources */,
				25D8E2791ED47443008DC7E2 /* 013.png in Resources */,
				25D8E1BE1ED47413008DC7E2 /* Roboto-Black.ttf in Resources */,
				25D8E28E1ED47443008DC7E2 /* 034.png in Resources */,
				25D8E2861ED47443008DC7E2 /* 026.png in Resources */,
				25D8E2A31ED47443008DC7E2 /* 055.png in Resources */,
				25D8E2881ED47443008DC7E2 /* 028.png in Resources */,
				25D8E19E1ED473F2008DC7E2 /* Lato-Bold.ttf in Resources */,
				25D8E2C81ED47443008DC7E2 /* 092.png in Resources */,
				25D8E1CA1ED47413008DC7E2 /* Roboto_LICENSE.txt in Resources */,
				25D8E2D41ED47443008DC7E2 /* 104.png in Resources */,
				25D8E2A71ED47443008DC7E2 /* 059.png in Resources */,
				25D8E1C91ED47413008DC7E2 /* Roboto-ThinItalic.ttf in Resources */,
				25D8E1C31ED47413008DC7E2 /* Roboto-Light.ttf in Resources */,
				25D8E2841ED47443008DC7E2 /* 024.png in Resources */,
				25D8E28A1ED47443008DC7E2 /* 030.png in Resources */,
				25D8E2E51ED47443008DC7E2 /* 121.png in Resources */,
				25D8E2941ED47443008DC7E2 /* 040.png in Resources */,
				25D8E2F51ED47443008DC7E2 /* 137.png in Resources */,
				25D8E2D31ED47443008DC7E2 /* 103.png in Resources */,
				25D8E2AA1ED47443008DC7E2 /* 062.png in Resources */,
				25D8E2FC1ED47443008DC7E2 /* 144.png in Resources */,
				25D8E2A51ED47443008DC7E2 /* 057.png in Resources */,
				25D8E2F11ED47443008DC7E2 /* 133.png in Resources */,
				25D8E2B21ED47443008DC7E2 /* 070.png in Resources */,
				25D8E28F1ED47443008DC7E2 /* 035.png in Resources */,
				25D8E2831ED47443008DC7E2 /* 023.png in Resources */,
				25D8E2B91ED47443008DC7E2 /* 077.png in Resources */,
				25D8E2E41ED47443008DC7E2 /* 120.png in Resources */,
				25D8E2F61ED47443008DC7E2 /* 138.png in Resources */,
				25D8E2BB1ED47443008DC7E2 /* 079.png in Resources */,
				25D8E26D1ED47443008DC7E2 /* 001.png in Resources */,
				25D8E3011ED47443008DC7E2 /* 149.png in Resources */,
				25D8E1A61ED473F2008DC7E2 /* OFL.txt in Resources */,
				25D8E1C51ED47413008DC7E2 /* Roboto-Medium.ttf in Resources */,
				25D8E1A31ED473F2008DC7E2 /* Lato-Light.ttf in Resources */,
				25D8E1C71ED47413008DC7E2 /* Roboto-Regular.ttf in Resources */,
				25D8E2A91ED47443008DC7E2 /* 061.png in Resources */,
				25D8E2921ED47443008DC7E2 /* 038.png in Resources */,
				25D8E2991ED47443008DC7E2 /* 045.png in Resources */,
				25D8E2961ED47443008DC7E2 /* 042.png in Resources */,
				25D8E2DC1ED47443008DC7E2 /* 112.png in Resources */,
				25D8E2B71ED47443008DC7E2 /* 075.png in Resources */,
				25D8E2801ED47443008DC7E2 /* 020.png in Resources */,
				25D8E2D61ED47443008DC7E2 /* 106.png in Resources */,
				25D8E26F1ED47443008DC7E2 /* 003.png in Resources */,
				25D8E1CD1ED47413008DC7E2 /* RobotoCondensed-BoldItalic.ttf in Resources */,
				25D8E27F1ED47443008DC7E2 /* 019.png in Resources */,
				25D8E2E71ED47443008DC7E2 /* 123.png in Resources */,
				25B28E9A1E957D4B0031FF8D /* Main.storyboard in Resources */,
				25D8E2951ED47443008DC7E2 /* 041.png in Resources */,
				25D8E2701ED47443008DC7E2 /* 004.png in Resources */,
				25D8E2731ED47443008DC7E2 /* 007.png in Resources */,
				25D8E2971ED47443008DC7E2 /* 043.png in Resources */,
				25D8E3041ED47443008DC7E2 /* default_image.png in Resources */,
				25D8E2CC1ED47443008DC7E2 /* 096.png in Resources */,
				25D8E2B41ED47443008DC7E2 /* 072.png in Resources */,
				25D8E2BF1ED47443008DC7E2 /* 083.png in Resources */,
				25D8E2D21ED47443008DC7E2 /* 102.png in Resources */,
				25D8E2C01ED47443008DC7E2 /* 084.png in Resources */,
				25D8E2E11ED47443008DC7E2 /* 117.png in Resources */,
				25D8E1D01ED47413008DC7E2 /* RobotoCondensed-LightItalic.ttf in Resources */,
				25D8E2BE1ED47443008DC7E2 /* 082.png in Resources */,
				25D8E1CE1ED47413008DC7E2 /* RobotoCondensed-Italic.ttf in Resources */,
				25D8E2AB1ED47443008DC7E2 /* 063.png in Resources */,
			);
			runOnlyForDeploymentPostprocessing = 0;
		};
		25B28EA31E957D4C0031FF8D /* Resources */ = {
			isa = PBXResourcesBuildPhase;
			buildActionMask = 2147483647;
			files = (
			);
			runOnlyForDeploymentPostprocessing = 0;
		};
/* End PBXResourcesBuildPhase section */

/* Begin PBXSourcesBuildPhase section */
		25B28E8D1E957D4B0031FF8D /* Sources */ = {
			isa = PBXSourcesBuildPhase;
			buildActionMask = 2147483647;
			files = (
				258828301EBCD6DF002991EB /* PokedexController.swift in Sources */,
				25CAFA241ED34BBE009C8250 /* Pokemon.swift in Sources */,
				25B28E971E957D4B0031FF8D /* PokemonViewController.swift in Sources */,
				25B28E951E957D4B0031FF8D /* AppDelegate.swift in Sources */,
			);
			runOnlyForDeploymentPostprocessing = 0;
		};
		25B28EA11E957D4C0031FF8D /* Sources */ = {
			isa = PBXSourcesBuildPhase;
			buildActionMask = 2147483647;
			files = (
				25B28EAA1E957D4C0031FF8D /* PokeStepTests.swift in Sources */,
			);
			runOnlyForDeploymentPostprocessing = 0;
		};
/* End PBXSourcesBuildPhase section */

/* Begin PBXTargetDependency section */
		25B28EA71E957D4C0031FF8D /* PBXTargetDependency */ = {
			isa = PBXTargetDependency;
			target = 25B28E901E957D4B0031FF8D /* PokeStep */;
			targetProxy = 25B28EA61E957D4C0031FF8D /* PBXContainerItemProxy */;
		};
/* End PBXTargetDependency section */

/* Begin PBXVariantGroup section */
		25B28E981E957D4B0031FF8D /* Main.storyboard */ = {
			isa = PBXVariantGroup;
			children = (
				25B28E991E957D4B0031FF8D /* Base */,
			);
			name = Main.storyboard;
			sourceTree = "<group>";
		};
		25B28E9D1E957D4C0031FF8D /* LaunchScreen.storyboard */ = {
			isa = PBXVariantGroup;
			children = (
				25B28E9E1E957D4C0031FF8D /* Base */,
			);
			name = LaunchScreen.storyboard;
			sourceTree = "<group>";
		};
/* End PBXVariantGroup section */

/* Begin XCBuildConfiguration section */
		25B28EAC1E957D4C0031FF8D /* Debug */ = {
			isa = XCBuildConfiguration;
			buildSettings = {
				ALWAYS_SEARCH_USER_PATHS = NO;
				CLANG_ANALYZER_NONNULL = YES;
				CLANG_CXX_LANGUAGE_STANDARD = "gnu++0x";
				CLANG_CXX_LIBRARY = "libc++";
				CLANG_ENABLE_MODULES = YES;
				CLANG_ENABLE_OBJC_ARC = YES;
				CLANG_WARN_BOOL_CONVERSION = YES;
				CLANG_WARN_CONSTANT_CONVERSION = YES;
				CLANG_WARN_DIRECT_OBJC_ISA_USAGE = YES_ERROR;
				CLANG_WARN_DOCUMENTATION_COMMENTS = YES;
				CLANG_WARN_EMPTY_BODY = YES;
				CLANG_WARN_ENUM_CONVERSION = YES;
				CLANG_WARN_INFINITE_RECURSION = YES;
				CLANG_WARN_INT_CONVERSION = YES;
				CLANG_WARN_OBJC_ROOT_CLASS = YES_ERROR;
				CLANG_WARN_SUSPICIOUS_MOVES = YES;
				CLANG_WARN_UNREACHABLE_CODE = YES;
				CLANG_WARN__DUPLICATE_METHOD_MATCH = YES;
				"CODE_SIGN_IDENTITY[sdk=iphoneos*]" = "iPhone Developer";
				COPY_PHASE_STRIP = NO;
				DEBUG_INFORMATION_FORMAT = dwarf;
				ENABLE_STRICT_OBJC_MSGSEND = YES;
				ENABLE_TESTABILITY = YES;
				GCC_C_LANGUAGE_STANDARD = gnu99;
				GCC_DYNAMIC_NO_PIC = NO;
				GCC_NO_COMMON_BLOCKS = YES;
				GCC_OPTIMIZATION_LEVEL = 0;
				GCC_PREPROCESSOR_DEFINITIONS = (
					"DEBUG=1",
					"$(inherited)",
				);
				GCC_WARN_64_TO_32_BIT_CONVERSION = YES;
				GCC_WARN_ABOUT_RETURN_TYPE = YES_ERROR;
				GCC_WARN_UNDECLARED_SELECTOR = YES;
				GCC_WARN_UNINITIALIZED_AUTOS = YES_AGGRESSIVE;
				GCC_WARN_UNUSED_FUNCTION = YES;
				GCC_WARN_UNUSED_VARIABLE = YES;
				IPHONEOS_DEPLOYMENT_TARGET = 10.0;
				MTL_ENABLE_DEBUG_INFO = YES;
				ONLY_ACTIVE_ARCH = YES;
				SDKROOT = iphoneos;
				SWIFT_ACTIVE_COMPILATION_CONDITIONS = DEBUG;
				SWIFT_OPTIMIZATION_LEVEL = "-Onone";
				TARGETED_DEVICE_FAMILY = "1,2";
			};
			name = Debug;
		};
		25B28EAD1E957D4C0031FF8D /* Release */ = {
			isa = XCBuildConfiguration;
			buildSettings = {
				ALWAYS_SEARCH_USER_PATHS = NO;
				CLANG_ANALYZER_NONNULL = YES;
				CLANG_CXX_LANGUAGE_STANDARD = "gnu++0x";
				CLANG_CXX_LIBRARY = "libc++";
				CLANG_ENABLE_MODULES = YES;
				CLANG_ENABLE_OBJC_ARC = YES;
				CLANG_WARN_BOOL_CONVERSION = YES;
				CLANG_WARN_CONSTANT_CONVERSION = YES;
				CLANG_WARN_DIRECT_OBJC_ISA_USAGE = YES_ERROR;
				CLANG_WARN_DOCUMENTATION_COMMENTS = YES;
				CLANG_WARN_EMPTY_BODY = YES;
				CLANG_WARN_ENUM_CONVERSION = YES;
				CLANG_WARN_INFINITE_RECURSION = YES;
				CLANG_WARN_INT_CONVERSION = YES;
				CLANG_WARN_OBJC_ROOT_CLASS = YES_ERROR;
				CLANG_WARN_SUSPICIOUS_MOVES = YES;
				CLANG_WARN_UNREACHABLE_CODE = YES;
				CLANG_WARN__DUPLICATE_METHOD_MATCH = YES;
				"CODE_SIGN_IDENTITY[sdk=iphoneos*]" = "iPhone Developer";
				COPY_PHASE_STRIP = NO;
				DEBUG_INFORMATION_FORMAT = "dwarf-with-dsym";
				ENABLE_NS_ASSERTIONS = NO;
				ENABLE_STRICT_OBJC_MSGSEND = YES;
				GCC_C_LANGUAGE_STANDARD = gnu99;
				GCC_NO_COMMON_BLOCKS = YES;
				GCC_WARN_64_TO_32_BIT_CONVERSION = YES;
				GCC_WARN_ABOUT_RETURN_TYPE = YES_ERROR;
				GCC_WARN_UNDECLARED_SELECTOR = YES;
				GCC_WARN_UNINITIALIZED_AUTOS = YES_AGGRESSIVE;
				GCC_WARN_UNUSED_FUNCTION = YES;
				GCC_WARN_UNUSED_VARIABLE = YES;
				IPHONEOS_DEPLOYMENT_TARGET = 10.0;
				MTL_ENABLE_DEBUG_INFO = NO;
				SDKROOT = iphoneos;
				SWIFT_OPTIMIZATION_LEVEL = "-Owholemodule";
				TARGETED_DEVICE_FAMILY = "1,2";
				VALIDATE_PRODUCT = YES;
			};
			name = Release;
		};
		25B28EAF1E957D4C0031FF8D /* Debug */ = {
			isa = XCBuildConfiguration;
			buildSettings = {
				ASSETCATALOG_COMPILER_APPICON_NAME = AppIcon;
				INFOPLIST_FILE = PokeStep/Info.plist;
				IPHONEOS_DEPLOYMENT_TARGET = 10.0;
				LD_RUNPATH_SEARCH_PATHS = "$(inherited) @executable_path/Frameworks";
				PRODUCT_BUNDLE_IDENTIFIER = ie.wit.PokeStep;
				PRODUCT_NAME = "$(TARGET_NAME)";
				SWIFT_VERSION = 3.0;
				TARGETED_DEVICE_FAMILY = 1;
			};
			name = Debug;
		};
		25B28EB01E957D4C0031FF8D /* Release */ = {
			isa = XCBuildConfiguration;
			buildSettings = {
				ASSETCATALOG_COMPILER_APPICON_NAME = AppIcon;
				INFOPLIST_FILE = PokeStep/Info.plist;
				IPHONEOS_DEPLOYMENT_TARGET = 10.0;
				LD_RUNPATH_SEARCH_PATHS = "$(inherited) @executable_path/Frameworks";
				PRODUCT_BUNDLE_IDENTIFIER = ie.wit.PokeStep;
				PRODUCT_NAME = "$(TARGET_NAME)";
				SWIFT_VERSION = 3.0;
				TARGETED_DEVICE_FAMILY = 1;
			};
			name = Release;
		};
		25B28EB21E957D4C0031FF8D /* Debug */ = {
			isa = XCBuildConfiguration;
			buildSettings = {
				ALWAYS_EMBED_SWIFT_STANDARD_LIBRARIES = YES;
				BUNDLE_LOADER = "$(TEST_HOST)";
				INFOPLIST_FILE = PokeStepTests/Info.plist;
				LD_RUNPATH_SEARCH_PATHS = "$(inherited) @executable_path/Frameworks @loader_path/Frameworks";
				PRODUCT_BUNDLE_IDENTIFIER = ie.wit.PokeStepTests;
				PRODUCT_NAME = "$(TARGET_NAME)";
				SWIFT_VERSION = 3.0;
				TEST_HOST = "$(BUILT_PRODUCTS_DIR)/PokeStep.app/PokeStep";
			};
			name = Debug;
		};
		25B28EB31E957D4C0031FF8D /* Release */ = {
			isa = XCBuildConfiguration;
			buildSettings = {
				ALWAYS_EMBED_SWIFT_STANDARD_LIBRARIES = YES;
				BUNDLE_LOADER = "$(TEST_HOST)";
				INFOPLIST_FILE = PokeStepTests/Info.plist;
				LD_RUNPATH_SEARCH_PATHS = "$(inherited) @executable_path/Frameworks @loader_path/Frameworks";
				PRODUCT_BUNDLE_IDENTIFIER = ie.wit.PokeStepTests;
				PRODUCT_NAME = "$(TARGET_NAME)";
				SWIFT_VERSION = 3.0;
				TEST_HOST = "$(BUILT_PRODUCTS_DIR)/PokeStep.app/PokeStep";
			};
			name = Release;
		};
/* End XCBuildConfiguration section */

/* Begin XCConfigurationList section */
		25B28E8C1E957D4B0031FF8D /* Build configuration list for PBXProject "PokeStep" */ = {
			isa = XCConfigurationList;
			buildConfigurations = (
				25B28EAC1E957D4C0031FF8D /* Debug */,
				25B28EAD1E957D4C0031FF8D /* Release */,
			);
			defaultConfigurationIsVisible = 0;
			defaultConfigurationName = Release;
		};
		25B28EAE1E957D4C0031FF8D /* Build configuration list for PBXNativeTarget "PokeStep" */ = {
			isa = XCConfigurationList;
			buildConfigurations = (
				25B28EAF1E957D4C0031FF8D /* Debug */,
				25B28EB01E957D4C0031FF8D /* Release */,
			);
			defaultConfigurationIsVisible = 0;
			defaultConfigurationName = Release;
		};
		25B28EB11E957D4C0031FF8D /* Build configuration list for PBXNativeTarget "PokeStepTests" */ = {
			isa = XCConfigurationList;
			buildConfigurations = (
				25B28EB21E957D4C0031FF8D /* Debug */,
				25B28EB31E957D4C0031FF8D /* Release */,
			);
			defaultConfigurationIsVisible = 0;
			defaultConfigurationName = Release;
		};
/* End XCConfigurationList section */
	};
	rootObject = 25B28E891E957D4B0031FF8D /* Project object */;
}
