// !$*UTF8*$!
{
	archiveVersion = 1;
	classes = {
	};
	objectVersion = 46;
	objects = {

/* Begin PBXBuildFile section */
		2503E3271EBB39D90083C92A /* Lato-Black.ttf in Resources */ = {isa = PBXBuildFile; fileRef = 2503E3061EBB39D90083C92A /* Lato-Black.ttf */; };
		2503E3281EBB39D90083C92A /* Lato-BlackItalic.ttf in Resources */ = {isa = PBXBuildFile; fileRef = 2503E3071EBB39D90083C92A /* Lato-BlackItalic.ttf */; };
		2503E3291EBB39D90083C92A /* Lato-Bold.ttf in Resources */ = {isa = PBXBuildFile; fileRef = 2503E3081EBB39D90083C92A /* Lato-Bold.ttf */; };
		2503E32A1EBB39D90083C92A /* Lato-BoldItalic.ttf in Resources */ = {isa = PBXBuildFile; fileRef = 2503E3091EBB39D90083C92A /* Lato-BoldItalic.ttf */; };
		2503E32B1EBB39D90083C92A /* Lato-Hairline.ttf in Resources */ = {isa = PBXBuildFile; fileRef = 2503E30A1EBB39D90083C92A /* Lato-Hairline.ttf */; };
		2503E32C1EBB39D90083C92A /* Lato-HairlineItalic.ttf in Resources */ = {isa = PBXBuildFile; fileRef = 2503E30B1EBB39D90083C92A /* Lato-HairlineItalic.ttf */; };
		2503E32D1EBB39D90083C92A /* Lato-Italic.ttf in Resources */ = {isa = PBXBuildFile; fileRef = 2503E30C1EBB39D90083C92A /* Lato-Italic.ttf */; };
		2503E32E1EBB39D90083C92A /* Lato-Light.ttf in Resources */ = {isa = PBXBuildFile; fileRef = 2503E30D1EBB39D90083C92A /* Lato-Light.ttf */; };
		2503E32F1EBB39D90083C92A /* Lato-LightItalic.ttf in Resources */ = {isa = PBXBuildFile; fileRef = 2503E30E1EBB39D90083C92A /* Lato-LightItalic.ttf */; };
		2503E3301EBB39D90083C92A /* Lato-Regular.ttf in Resources */ = {isa = PBXBuildFile; fileRef = 2503E30F1EBB39D90083C92A /* Lato-Regular.ttf */; };
		2503E3311EBB39D90083C92A /* OFL.txt in Resources */ = {isa = PBXBuildFile; fileRef = 2503E3101EBB39D90083C92A /* OFL.txt */; };
		2503E3321EBB39D90083C92A /* Roboto_LICENSE.txt in Resources */ = {isa = PBXBuildFile; fileRef = 2503E3121EBB39D90083C92A /* Roboto_LICENSE.txt */; };
		2503E3331EBB39D90083C92A /* Roboto-Black.ttf in Resources */ = {isa = PBXBuildFile; fileRef = 2503E3131EBB39D90083C92A /* Roboto-Black.ttf */; };
		2503E3341EBB39D90083C92A /* Roboto-BlackItalic.ttf in Resources */ = {isa = PBXBuildFile; fileRef = 2503E3141EBB39D90083C92A /* Roboto-BlackItalic.ttf */; };
		2503E3351EBB39D90083C92A /* Roboto-Bold.ttf in Resources */ = {isa = PBXBuildFile; fileRef = 2503E3151EBB39D90083C92A /* Roboto-Bold.ttf */; };
		2503E3361EBB39D90083C92A /* Roboto-BoldItalic.ttf in Resources */ = {isa = PBXBuildFile; fileRef = 2503E3161EBB39D90083C92A /* Roboto-BoldItalic.ttf */; };
		2503E3371EBB39D90083C92A /* Roboto-Italic.ttf in Resources */ = {isa = PBXBuildFile; fileRef = 2503E3171EBB39D90083C92A /* Roboto-Italic.ttf */; };
		2503E3381EBB39D90083C92A /* Roboto-Light.ttf in Resources */ = {isa = PBXBuildFile; fileRef = 2503E3181EBB39D90083C92A /* Roboto-Light.ttf */; };
		2503E3391EBB39D90083C92A /* Roboto-LightItalic.ttf in Resources */ = {isa = PBXBuildFile; fileRef = 2503E3191EBB39D90083C92A /* Roboto-LightItalic.ttf */; };
		2503E33A1EBB39D90083C92A /* Roboto-Medium.ttf in Resources */ = {isa = PBXBuildFile; fileRef = 2503E31A1EBB39D90083C92A /* Roboto-Medium.ttf */; };
		2503E33B1EBB39D90083C92A /* Roboto-MediumItalic.ttf in Resources */ = {isa = PBXBuildFile; fileRef = 2503E31B1EBB39D90083C92A /* Roboto-MediumItalic.ttf */; };
		2503E33C1EBB39D90083C92A /* Roboto-Regular.ttf in Resources */ = {isa = PBXBuildFile; fileRef = 2503E31C1EBB39D90083C92A /* Roboto-Regular.ttf */; };
		2503E33D1EBB39D90083C92A /* Roboto-Thin.ttf in Resources */ = {isa = PBXBuildFile; fileRef = 2503E31D1EBB39D90083C92A /* Roboto-Thin.ttf */; };
		2503E33E1EBB39D90083C92A /* Roboto-ThinItalic.ttf in Resources */ = {isa = PBXBuildFile; fileRef = 2503E31E1EBB39D90083C92A /* Roboto-ThinItalic.ttf */; };
		2503E33F1EBB39D90083C92A /* Roboto_Condensed_LICENSE.txt in Resources */ = {isa = PBXBuildFile; fileRef = 2503E3201EBB39D90083C92A /* Roboto_Condensed_LICENSE.txt */; };
		2503E3401EBB39D90083C92A /* RobotoCondensed-Bold.ttf in Resources */ = {isa = PBXBuildFile; fileRef = 2503E3211EBB39D90083C92A /* RobotoCondensed-Bold.ttf */; };
		2503E3411EBB39D90083C92A /* RobotoCondensed-BoldItalic.ttf in Resources */ = {isa = PBXBuildFile; fileRef = 2503E3221EBB39D90083C92A /* RobotoCondensed-BoldItalic.ttf */; };
		2503E3421EBB39D90083C92A /* RobotoCondensed-Italic.ttf in Resources */ = {isa = PBXBuildFile; fileRef = 2503E3231EBB39D90083C92A /* RobotoCondensed-Italic.ttf */; };
		2503E3431EBB39D90083C92A /* RobotoCondensed-Light.ttf in Resources */ = {isa = PBXBuildFile; fileRef = 2503E3241EBB39D90083C92A /* RobotoCondensed-Light.ttf */; };
		2503E3441EBB39D90083C92A /* RobotoCondensed-LightItalic.ttf in Resources */ = {isa = PBXBuildFile; fileRef = 2503E3251EBB39D90083C92A /* RobotoCondensed-LightItalic.ttf */; };
		2503E3451EBB39D90083C92A /* RobotoCondensed-Regular.ttf in Resources */ = {isa = PBXBuildFile; fileRef = 2503E3261EBB39D90083C92A /* RobotoCondensed-Regular.ttf */; };
		258828301EBCD6DF002991EB /* PokedexController.swift in Sources */ = {isa = PBXBuildFile; fileRef = 2588282F1EBCD6DF002991EB /* PokedexController.swift */; };
		25B28E951E957D4B0031FF8D /* AppDelegate.swift in Sources */ = {isa = PBXBuildFile; fileRef = 25B28E941E957D4B0031FF8D /* AppDelegate.swift */; };
		25B28E971E957D4B0031FF8D /* ViewController.swift in Sources */ = {isa = PBXBuildFile; fileRef = 25B28E961E957D4B0031FF8D /* ViewController.swift */; };
		25B28E9A1E957D4B0031FF8D /* Main.storyboard in Resources */ = {isa = PBXBuildFile; fileRef = 25B28E981E957D4B0031FF8D /* Main.storyboard */; };
		25B28E9C1E957D4B0031FF8D /* Assets.xcassets in Resources */ = {isa = PBXBuildFile; fileRef = 25B28E9B1E957D4B0031FF8D /* Assets.xcassets */; };
		25B28E9F1E957D4C0031FF8D /* LaunchScreen.storyboard in Resources */ = {isa = PBXBuildFile; fileRef = 25B28E9D1E957D4C0031FF8D /* LaunchScreen.storyboard */; };
		25B28EAA1E957D4C0031FF8D /* PokeStepTests.swift in Sources */ = {isa = PBXBuildFile; fileRef = 25B28EA91E957D4C0031FF8D /* PokeStepTests.swift */; };
		25C2C3701EBB68B2000C14C8 /* right-arrow.png in Resources */ = {isa = PBXBuildFile; fileRef = 25C2C36F1EBB68B2000C14C8 /* right-arrow.png */; };
		25C2C3721EBB6B19000C14C8 /* right_arrow_bold.png in Resources */ = {isa = PBXBuildFile; fileRef = 25C2C3711EBB6B19000C14C8 /* right_arrow_bold.png */; };
		25C2C3741EBB6CF3000C14C8 /* default_image.png in Resources */ = {isa = PBXBuildFile; fileRef = 25C2C3731EBB6CF3000C14C8 /* default_image.png */; };
		25C2C3761EBBA2B1000C14C8 /* 001.png in Resources */ = {isa = PBXBuildFile; fileRef = 25C2C3751EBBA2B1000C14C8 /* 001.png */; };
		25C2C3791EBBA5AC000C14C8 /* 002.png in Resources */ = {isa = PBXBuildFile; fileRef = 25C2C3771EBBA5AC000C14C8 /* 002.png */; };
		25C2C37A1EBBA5AC000C14C8 /* 003.png in Resources */ = {isa = PBXBuildFile; fileRef = 25C2C3781EBBA5AC000C14C8 /* 003.png */; };
		25CE06051E97A96700C9914B /* pokedex.json in Resources */ = {isa = PBXBuildFile; fileRef = 25CE06041E97A96700C9914B /* pokedex.json */; };
/* End PBXBuildFile section */

/* Begin PBXContainerItemProxy section */
		25B28EA61E957D4C0031FF8D /* PBXContainerItemProxy */ = {
			isa = PBXContainerItemProxy;
			containerPortal = 25B28E891E957D4B0031FF8D /* Project object */;
			proxyType = 1;
			remoteGlobalIDString = 25B28E901E957D4B0031FF8D;
			remoteInfo = PokeStep;
		};
/* End PBXContainerItemProxy section */

/* Begin PBXFileReference section */
		2503E3061EBB39D90083C92A /* Lato-Black.ttf */ = {isa = PBXFileReference; lastKnownFileType = file; path = "Lato-Black.ttf"; sourceTree = "<group>"; };
		2503E3071EBB39D90083C92A /* Lato-BlackItalic.ttf */ = {isa = PBXFileReference; lastKnownFileType = file; path = "Lato-BlackItalic.ttf"; sourceTree = "<group>"; };
		2503E3081EBB39D90083C92A /* Lato-Bold.ttf */ = {isa = PBXFileReference; lastKnownFileType = file; path = "Lato-Bold.ttf"; sourceTree = "<group>"; };
		2503E3091EBB39D90083C92A /* Lato-BoldItalic.ttf */ = {isa = PBXFileReference; lastKnownFileType = file; path = "Lato-BoldItalic.ttf"; sourceTree = "<group>"; };
		2503E30A1EBB39D90083C92A /* Lato-Hairline.ttf */ = {isa = PBXFileReference; lastKnownFileType = file; path = "Lato-Hairline.ttf"; sourceTree = "<group>"; };
		2503E30B1EBB39D90083C92A /* Lato-HairlineItalic.ttf */ = {isa = PBXFileReference; lastKnownFileType = file; path = "Lato-HairlineItalic.ttf"; sourceTree = "<group>"; };
		2503E30C1EBB39D90083C92A /* Lato-Italic.ttf */ = {isa = PBXFileReference; lastKnownFileType = file; path = "Lato-Italic.ttf"; sourceTree = "<group>"; };
		2503E30D1EBB39D90083C92A /* Lato-Light.ttf */ = {isa = PBXFileReference; lastKnownFileType = file; path = "Lato-Light.ttf"; sourceTree = "<group>"; };
		2503E30E1EBB39D90083C92A /* Lato-LightItalic.ttf */ = {isa = PBXFileReference; lastKnownFileType = file; path = "Lato-LightItalic.ttf"; sourceTree = "<group>"; };
		2503E30F1EBB39D90083C92A /* Lato-Regular.ttf */ = {isa = PBXFileReference; lastKnownFileType = file; path = "Lato-Regular.ttf"; sourceTree = "<group>"; };
		2503E3101EBB39D90083C92A /* OFL.txt */ = {isa = PBXFileReference; fileEncoding = 4; lastKnownFileType = text; path = OFL.txt; sourceTree = "<group>"; };
		2503E3121EBB39D90083C92A /* Roboto_LICENSE.txt */ = {isa = PBXFileReference; fileEncoding = 4; lastKnownFileType = text; path = Roboto_LICENSE.txt; sourceTree = "<group>"; };
		2503E3131EBB39D90083C92A /* Roboto-Black.ttf */ = {isa = PBXFileReference; lastKnownFileType = file; path = "Roboto-Black.ttf"; sourceTree = "<group>"; };
		2503E3141EBB39D90083C92A /* Roboto-BlackItalic.ttf */ = {isa = PBXFileReference; lastKnownFileType = file; path = "Roboto-BlackItalic.ttf"; sourceTree = "<group>"; };
		2503E3151EBB39D90083C92A /* Roboto-Bold.ttf */ = {isa = PBXFileReference; lastKnownFileType = file; path = "Roboto-Bold.ttf"; sourceTree = "<group>"; };
		2503E3161EBB39D90083C92A /* Roboto-BoldItalic.ttf */ = {isa = PBXFileReference; lastKnownFileType = file; path = "Roboto-BoldItalic.ttf"; sourceTree = "<group>"; };
		2503E3171EBB39D90083C92A /* Roboto-Italic.ttf */ = {isa = PBXFileReference; lastKnownFileType = file; path = "Roboto-Italic.ttf"; sourceTree = "<group>"; };
		2503E3181EBB39D90083C92A /* Roboto-Light.ttf */ = {isa = PBXFileReference; lastKnownFileType = file; path = "Roboto-Light.ttf"; sourceTree = "<group>"; };
		2503E3191EBB39D90083C92A /* Roboto-LightItalic.ttf */ = {isa = PBXFileReference; lastKnownFileType = file; path = "Roboto-LightItalic.ttf"; sourceTree = "<group>"; };
		2503E31A1EBB39D90083C92A /* Roboto-Medium.ttf */ = {isa = PBXFileReference; lastKnownFileType = file; path = "Roboto-Medium.ttf"; sourceTree = "<group>"; };
		2503E31B1EBB39D90083C92A /* Roboto-MediumItalic.ttf */ = {isa = PBXFileReference; lastKnownFileType = file; path = "Roboto-MediumItalic.ttf"; sourceTree = "<group>"; };
		2503E31C1EBB39D90083C92A /* Roboto-Regular.ttf */ = {isa = PBXFileReference; lastKnownFileType = file; path = "Roboto-Regular.ttf"; sourceTree = "<group>"; };
		2503E31D1EBB39D90083C92A /* Roboto-Thin.ttf */ = {isa = PBXFileReference; lastKnownFileType = file; path = "Roboto-Thin.ttf"; sourceTree = "<group>"; };
		2503E31E1EBB39D90083C92A /* Roboto-ThinItalic.ttf */ = {isa = PBXFileReference; lastKnownFileType = file; path = "Roboto-ThinItalic.ttf"; sourceTree = "<group>"; };
		2503E3201EBB39D90083C92A /* Roboto_Condensed_LICENSE.txt */ = {isa = PBXFileReference; fileEncoding = 4; lastKnownFileType = text; path = Roboto_Condensed_LICENSE.txt; sourceTree = "<group>"; };
		2503E3211EBB39D90083C92A /* RobotoCondensed-Bold.ttf */ = {isa = PBXFileReference; lastKnownFileType = file; path = "RobotoCondensed-Bold.ttf"; sourceTree = "<group>"; };
		2503E3221EBB39D90083C92A /* RobotoCondensed-BoldItalic.ttf */ = {isa = PBXFileReference; lastKnownFileType = file; path = "RobotoCondensed-BoldItalic.ttf"; sourceTree = "<group>"; };
		2503E3231EBB39D90083C92A /* RobotoCondensed-Italic.ttf */ = {isa = PBXFileReference; lastKnownFileType = file; path = "RobotoCondensed-Italic.ttf"; sourceTree = "<group>"; };
		2503E3241EBB39D90083C92A /* RobotoCondensed-Light.ttf */ = {isa = PBXFileReference; lastKnownFileType = file; path = "RobotoCondensed-Light.ttf"; sourceTree = "<group>"; };
		2503E3251EBB39D90083C92A /* RobotoCondensed-LightItalic.ttf */ = {isa = PBXFileReference; lastKnownFileType = file; path = "RobotoCondensed-LightItalic.ttf"; sourceTree = "<group>"; };
		2503E3261EBB39D90083C92A /* RobotoCondensed-Regular.ttf */ = {isa = PBXFileReference; lastKnownFileType = file; path = "RobotoCondensed-Regular.ttf"; sourceTree = "<group>"; };
		2588282F1EBCD6DF002991EB /* PokedexController.swift */ = {isa = PBXFileReference; fileEncoding = 4; lastKnownFileType = sourcecode.swift; path = PokedexController.swift; sourceTree = "<group>"; };
		25B28E911E957D4B0031FF8D /* PokeStep.app */ = {isa = PBXFileReference; explicitFileType = wrapper.application; includeInIndex = 0; path = PokeStep.app; sourceTree = BUILT_PRODUCTS_DIR; };
		25B28E941E957D4B0031FF8D /* AppDelegate.swift */ = {isa = PBXFileReference; lastKnownFileType = sourcecode.swift; path = AppDelegate.swift; sourceTree = "<group>"; };
		25B28E961E957D4B0031FF8D /* ViewController.swift */ = {isa = PBXFileReference; lastKnownFileType = sourcecode.swift; path = ViewController.swift; sourceTree = "<group>"; };
		25B28E991E957D4B0031FF8D /* Base */ = {isa = PBXFileReference; lastKnownFileType = file.storyboard; name = Base; path = Base.lproj/Main.storyboard; sourceTree = "<group>"; };
		25B28E9B1E957D4B0031FF8D /* Assets.xcassets */ = {isa = PBXFileReference; lastKnownFileType = folder.assetcatalog; path = Assets.xcassets; sourceTree = "<group>"; };
		25B28E9E1E957D4C0031FF8D /* Base */ = {isa = PBXFileReference; lastKnownFileType = file.storyboard; name = Base; path = Base.lproj/LaunchScreen.storyboard; sourceTree = "<group>"; };
		25B28EA01E957D4C0031FF8D /* Info.plist */ = {isa = PBXFileReference; lastKnownFileType = text.plist.xml; path = Info.plist; sourceTree = "<group>"; };
		25B28EA51E957D4C0031FF8D /* PokeStepTests.xctest */ = {isa = PBXFileReference; explicitFileType = wrapper.cfbundle; includeInIndex = 0; path = PokeStepTests.xctest; sourceTree = BUILT_PRODUCTS_DIR; };
		25B28EA91E957D4C0031FF8D /* PokeStepTests.swift */ = {isa = PBXFileReference; lastKnownFileType = sourcecode.swift; path = PokeStepTests.swift; sourceTree = "<group>"; };
		25B28EAB1E957D4C0031FF8D /* Info.plist */ = {isa = PBXFileReference; lastKnownFileType = text.plist.xml; path = Info.plist; sourceTree = "<group>"; };
		25C2C36F1EBB68B2000C14C8 /* right-arrow.png */ = {isa = PBXFileReference; lastKnownFileType = image.png; path = "right-arrow.png"; sourceTree = "<group>"; };
		25C2C3711EBB6B19000C14C8 /* right_arrow_bold.png */ = {isa = PBXFileReference; lastKnownFileType = image.png; path = right_arrow_bold.png; sourceTree = "<group>"; };
		25C2C3731EBB6CF3000C14C8 /* default_image.png */ = {isa = PBXFileReference; lastKnownFileType = image.png; path = default_image.png; sourceTree = "<group>"; };
		25C2C3751EBBA2B1000C14C8 /* 001.png */ = {isa = PBXFileReference; lastKnownFileType = image.png; path = 001.png; sourceTree = "<group>"; };
		25C2C3771EBBA5AC000C14C8 /* 002.png */ = {isa = PBXFileReference; lastKnownFileType = image.png; path = 002.png; sourceTree = "<group>"; };
		25C2C3781EBBA5AC000C14C8 /* 003.png */ = {isa = PBXFileReference; lastKnownFileType = image.png; path = 003.png; sourceTree = "<group>"; };
		25CE06041E97A96700C9914B /* pokedex.json */ = {isa = PBXFileReference; fileEncoding = 4; lastKnownFileType = text.json; path = pokedex.json; sourceTree = "<group>"; };
/* End PBXFileReference section */

/* Begin PBXFrameworksBuildPhase section */
		25B28E8E1E957D4B0031FF8D /* Frameworks */ = {
			isa = PBXFrameworksBuildPhase;
			buildActionMask = 2147483647;
			files = (
			);
			runOnlyForDeploymentPostprocessing = 0;
		};
		25B28EA21E957D4C0031FF8D /* Frameworks */ = {
			isa = PBXFrameworksBuildPhase;
			buildActionMask = 2147483647;
			files = (
			);
			runOnlyForDeploymentPostprocessing = 0;
		};
/* End PBXFrameworksBuildPhase section */

/* Begin PBXGroup section */
		2503E3041EBB38070083C92A /* Resource */ = {
			isa = PBXGroup;
			children = (
				25C2C36E1EBB6893000C14C8 /* Images */,
				2503E3051EBB39D90083C92A /* Lato */,
				2503E3111EBB39D90083C92A /* Roboto */,
				2503E31F1EBB39D90083C92A /* Roboto_Condensed */,
			);
			name = Resource;
			path = ..;
			sourceTree = "<group>";
		};
		2503E3051EBB39D90083C92A /* Lato */ = {
			isa = PBXGroup;
			children = (
				2503E3061EBB39D90083C92A /* Lato-Black.ttf */,
				2503E3071EBB39D90083C92A /* Lato-BlackItalic.ttf */,
				2503E3081EBB39D90083C92A /* Lato-Bold.ttf */,
				2503E3091EBB39D90083C92A /* Lato-BoldItalic.ttf */,
				2503E30A1EBB39D90083C92A /* Lato-Hairline.ttf */,
				2503E30B1EBB39D90083C92A /* Lato-HairlineItalic.ttf */,
				2503E30C1EBB39D90083C92A /* Lato-Italic.ttf */,
				2503E30D1EBB39D90083C92A /* Lato-Light.ttf */,
				2503E30E1EBB39D90083C92A /* Lato-LightItalic.ttf */,
				2503E30F1EBB39D90083C92A /* Lato-Regular.ttf */,
				2503E3101EBB39D90083C92A /* OFL.txt */,
			);
			path = Lato;
			sourceTree = "<group>";
		};
		2503E3111EBB39D90083C92A /* Roboto */ = {
			isa = PBXGroup;
			children = (
				2503E3121EBB39D90083C92A /* Roboto_LICENSE.txt */,
				2503E3131EBB39D90083C92A /* Roboto-Black.ttf */,
				2503E3141EBB39D90083C92A /* Roboto-BlackItalic.ttf */,
				2503E3151EBB39D90083C92A /* Roboto-Bold.ttf */,
				2503E3161EBB39D90083C92A /* Roboto-BoldItalic.ttf */,
				2503E3171EBB39D90083C92A /* Roboto-Italic.ttf */,
				2503E3181EBB39D90083C92A /* Roboto-Light.ttf */,
				2503E3191EBB39D90083C92A /* Roboto-LightItalic.ttf */,
				2503E31A1EBB39D90083C92A /* Roboto-Medium.ttf */,
				2503E31B1EBB39D90083C92A /* Roboto-MediumItalic.ttf */,
				2503E31C1EBB39D90083C92A /* Roboto-Regular.ttf */,
				2503E31D1EBB39D90083C92A /* Roboto-Thin.ttf */,
				2503E31E1EBB39D90083C92A /* Roboto-ThinItalic.ttf */,
			);
			path = Roboto;
			sourceTree = "<group>";
		};
		2503E31F1EBB39D90083C92A /* Roboto_Condensed */ = {
			isa = PBXGroup;
			children = (
				2503E3201EBB39D90083C92A /* Roboto_Condensed_LICENSE.txt */,
				2503E3211EBB39D90083C92A /* RobotoCondensed-Bold.ttf */,
				2503E3221EBB39D90083C92A /* RobotoCondensed-BoldItalic.ttf */,
				2503E3231EBB39D90083C92A /* RobotoCondensed-Italic.ttf */,
				2503E3241EBB39D90083C92A /* RobotoCondensed-Light.ttf */,
				2503E3251EBB39D90083C92A /* RobotoCondensed-LightItalic.ttf */,
				2503E3261EBB39D90083C92A /* RobotoCondensed-Regular.ttf */,
			);
			path = Roboto_Condensed;
			sourceTree = "<group>";
		};
		25B28E881E957D4B0031FF8D = {
			isa = PBXGroup;
			children = (
				25B28E931E957D4B0031FF8D /* PokeStep */,
				25B28EA81E957D4C0031FF8D /* PokeStepTests */,
				25B28E921E957D4B0031FF8D /* Products */,
			);
			sourceTree = "<group>";
		};
		25B28E921E957D4B0031FF8D /* Products */ = {
			isa = PBXGroup;
			children = (
				25B28E911E957D4B0031FF8D /* PokeStep.app */,
				25B28EA51E957D4C0031FF8D /* PokeStepTests.xctest */,
			);
			name = Products;
			sourceTree = "<group>";
		};
		25B28E931E957D4B0031FF8D /* PokeStep */ = {
			isa = PBXGroup;
			children = (
				2503E3041EBB38070083C92A /* Resource */,
				25CE06041E97A96700C9914B /* pokedex.json */,
				25B28E941E957D4B0031FF8D /* AppDelegate.swift */,
				25B28E961E957D4B0031FF8D /* ViewController.swift */,
				2588282F1EBCD6DF002991EB /* PokedexController.swift */,
				25B28E981E957D4B0031FF8D /* Main.storyboard */,
				25B28E9B1E957D4B0031FF8D /* Assets.xcassets */,
				25B28E9D1E957D4C0031FF8D /* LaunchScreen.storyboard */,
				25B28EA01E957D4C0031FF8D /* Info.plist */,
			);
			path = PokeStep;
			sourceTree = "<group>";
		};
		25B28EA81E957D4C0031FF8D /* PokeStepTests */ = {
			isa = PBXGroup;
			children = (
				25B28EA91E957D4C0031FF8D /* PokeStepTests.swift */,
				25B28EAB1E957D4C0031FF8D /* Info.plist */,
			);
			path = PokeStepTests;
			sourceTree = "<group>";
		};
		25C2C36E1EBB6893000C14C8 /* Images */ = {
			isa = PBXGroup;
			children = (
				25C2C3751EBBA2B1000C14C8 /* 001.png */,
				25C2C3771EBBA5AC000C14C8 /* 002.png */,
				25C2C3781EBBA5AC000C14C8 /* 003.png */,
				25C2C3731EBB6CF3000C14C8 /* default_image.png */,
				25C2C3711EBB6B19000C14C8 /* right_arrow_bold.png */,
				25C2C36F1EBB68B2000C14C8 /* right-arrow.png */,
			);
			name = Images;
			sourceTree = "<group>";
		};
/* End PBXGroup section */

/* Begin PBXNativeTarget section */
		25B28E901E957D4B0031FF8D /* PokeStep */ = {
			isa = PBXNativeTarget;
			buildConfigurationList = 25B28EAE1E957D4C0031FF8D /* Build configuration list for PBXNativeTarget "PokeStep" */;
			buildPhases = (
				25B28E8D1E957D4B0031FF8D /* Sources */,
				25B28E8E1E957D4B0031FF8D /* Frameworks */,
				25B28E8F1E957D4B0031FF8D /* Resources */,
			);
			buildRules = (
			);
			dependencies = (
			);
			name = PokeStep;
			productName = PokeStep;
			productReference = 25B28E911E957D4B0031FF8D /* PokeStep.app */;
			productType = "com.apple.product-type.application";
		};
		25B28EA41E957D4C0031FF8D /* PokeStepTests */ = {
			isa = PBXNativeTarget;
			buildConfigurationList = 25B28EB11E957D4C0031FF8D /* Build configuration list for PBXNativeTarget "PokeStepTests" */;
			buildPhases = (
				25B28EA11E957D4C0031FF8D /* Sources */,
				25B28EA21E957D4C0031FF8D /* Frameworks */,
				25B28EA31E957D4C0031FF8D /* Resources */,
			);
			buildRules = (
			);
			dependencies = (
				25B28EA71E957D4C0031FF8D /* PBXTargetDependency */,
			);
			name = PokeStepTests;
			productName = PokeStepTests;
			productReference = 25B28EA51E957D4C0031FF8D /* PokeStepTests.xctest */;
			productType = "com.apple.product-type.bundle.unit-test";
		};
/* End PBXNativeTarget section */

/* Begin PBXProject section */
		25B28E891E957D4B0031FF8D /* Project object */ = {
			isa = PBXProject;
			attributes = {
				LastSwiftUpdateCheck = 0800;
				LastUpgradeCheck = 0800;
				ORGANIZATIONNAME = WIT;
				TargetAttributes = {
					25B28E901E957D4B0031FF8D = {
						CreatedOnToolsVersion = 8.0;
						ProvisioningStyle = Automatic;
					};
					25B28EA41E957D4C0031FF8D = {
						CreatedOnToolsVersion = 8.0;
						ProvisioningStyle = Automatic;
						TestTargetID = 25B28E901E957D4B0031FF8D;
					};
				};
			};
			buildConfigurationList = 25B28E8C1E957D4B0031FF8D /* Build configuration list for PBXProject "PokeStep" */;
			compatibilityVersion = "Xcode 3.2";
			developmentRegion = English;
			hasScannedForEncodings = 0;
			knownRegions = (
				en,
				Base,
			);
			mainGroup = 25B28E881E957D4B0031FF8D;
			productRefGroup = 25B28E921E957D4B0031FF8D /* Products */;
			projectDirPath = "";
			projectRoot = "";
			targets = (
				25B28E901E957D4B0031FF8D /* PokeStep */,
				25B28EA41E957D4C0031FF8D /* PokeStepTests */,
			);
		};
/* End PBXProject section */

/* Begin PBXResourcesBuildPhase section */
		25B28E8F1E957D4B0031FF8D /* Resources */ = {
			isa = PBXResourcesBuildPhase;
			buildActionMask = 2147483647;
			files = (
				2503E3311EBB39D90083C92A /* OFL.txt in Resources */,
				2503E3421EBB39D90083C92A /* RobotoCondensed-Italic.ttf in Resources */,
				2503E3351EBB39D90083C92A /* Roboto-Bold.ttf in Resources */,
				2503E3291EBB39D90083C92A /* Lato-Bold.ttf in Resources */,
				25CE06051E97A96700C9914B /* pokedex.json in Resources */,
				2503E3371EBB39D90083C92A /* Roboto-Italic.ttf in Resources */,
				25C2C3761EBBA2B1000C14C8 /* 001.png in Resources */,
				2503E32C1EBB39D90083C92A /* Lato-HairlineItalic.ttf in Resources */,
				2503E3401EBB39D90083C92A /* RobotoCondensed-Bold.ttf in Resources */,
				2503E32E1EBB39D90083C92A /* Lato-Light.ttf in Resources */,
				2503E3331EBB39D90083C92A /* Roboto-Black.ttf in Resources */,
				2503E33A1EBB39D90083C92A /* Roboto-Medium.ttf in Resources */,
				25B28E9F1E957D4C0031FF8D /* LaunchScreen.storyboard in Resources */,
				2503E33C1EBB39D90083C92A /* Roboto-Regular.ttf in Resources */,
				2503E32D1EBB39D90083C92A /* Lato-Italic.ttf in Resources */,
				2503E33F1EBB39D90083C92A /* Roboto_Condensed_LICENSE.txt in Resources */,
				2503E32A1EBB39D90083C92A /* Lato-BoldItalic.ttf in Resources */,
				2503E3391EBB39D90083C92A /* Roboto-LightItalic.ttf in Resources */,
				2503E3281EBB39D90083C92A /* Lato-BlackItalic.ttf in Resources */,
				2503E32B1EBB39D90083C92A /* Lato-Hairline.ttf in Resources */,
				2503E3431EBB39D90083C92A /* RobotoCondensed-Light.ttf in Resources */,
				25B28E9C1E957D4B0031FF8D /* Assets.xcassets in Resources */,
				2503E33D1EBB39D90083C92A /* Roboto-Thin.ttf in Resources */,
				2503E3441EBB39D90083C92A /* RobotoCondensed-LightItalic.ttf in Resources */,
				2503E3451EBB39D90083C92A /* RobotoCondensed-Regular.ttf in Resources */,
				2503E33B1EBB39D90083C92A /* Roboto-MediumItalic.ttf in Resources */,
				2503E3381EBB39D90083C92A /* Roboto-Light.ttf in Resources */,
				2503E3271EBB39D90083C92A /* Lato-Black.ttf in Resources */,
				25C2C3791EBBA5AC000C14C8 /* 002.png in Resources */,
				25C2C37A1EBBA5AC000C14C8 /* 003.png in Resources */,
				2503E3341EBB39D90083C92A /* Roboto-BlackItalic.ttf in Resources */,
				2503E3411EBB39D90083C92A /* RobotoCondensed-BoldItalic.ttf in Resources */,
				2503E3321EBB39D90083C92A /* Roboto_LICENSE.txt in Resources */,
				2503E3301EBB39D90083C92A /* Lato-Regular.ttf in Resources */,
				2503E33E1EBB39D90083C92A /* Roboto-ThinItalic.ttf in Resources */,
				25C2C3701EBB68B2000C14C8 /* right-arrow.png in Resources */,
				25B28E9A1E957D4B0031FF8D /* Main.storyboard in Resources */,
				2503E3361EBB39D90083C92A /* Roboto-BoldItalic.ttf in Resources */,
				25C2C3741EBB6CF3000C14C8 /* default_image.png in Resources */,
				25C2C3721EBB6B19000C14C8 /* right_arrow_bold.png in Resources */,
				2503E32F1EBB39D90083C92A /* Lato-LightItalic.ttf in Resources */,
			);
			runOnlyForDeploymentPostprocessing = 0;
		};
		25B28EA31E957D4C0031FF8D /* Resources */ = {
			isa = PBXResourcesBuildPhase;
			buildActionMask = 2147483647;
			files = (
			);
			runOnlyForDeploymentPostprocessing = 0;
		};
/* End PBXResourcesBuildPhase section */

/* Begin PBXSourcesBuildPhase section */
		25B28E8D1E957D4B0031FF8D /* Sources */ = {
			isa = PBXSourcesBuildPhase;
			buildActionMask = 2147483647;
			files = (
				258828301EBCD6DF002991EB /* PokedexController.swift in Sources */,
				25B28E971E957D4B0031FF8D /* ViewController.swift in Sources */,
				25B28E951E957D4B0031FF8D /* AppDelegate.swift in Sources */,
			);
			runOnlyForDeploymentPostprocessing = 0;
		};
		25B28EA11E957D4C0031FF8D /* Sources */ = {
			isa = PBXSourcesBuildPhase;
			buildActionMask = 2147483647;
			files = (
				25B28EAA1E957D4C0031FF8D /* PokeStepTests.swift in Sources */,
			);
			runOnlyForDeploymentPostprocessing = 0;
		};
/* End PBXSourcesBuildPhase section */

/* Begin PBXTargetDependency section */
		25B28EA71E957D4C0031FF8D /* PBXTargetDependency */ = {
			isa = PBXTargetDependency;
			target = 25B28E901E957D4B0031FF8D /* PokeStep */;
			targetProxy = 25B28EA61E957D4C0031FF8D /* PBXContainerItemProxy */;
		};
/* End PBXTargetDependency section */

/* Begin PBXVariantGroup section */
		25B28E981E957D4B0031FF8D /* Main.storyboard */ = {
			isa = PBXVariantGroup;
			children = (
				25B28E991E957D4B0031FF8D /* Base */,
			);
			name = Main.storyboard;
			sourceTree = "<group>";
		};
		25B28E9D1E957D4C0031FF8D /* LaunchScreen.storyboard */ = {
			isa = PBXVariantGroup;
			children = (
				25B28E9E1E957D4C0031FF8D /* Base */,
			);
			name = LaunchScreen.storyboard;
			sourceTree = "<group>";
		};
/* End PBXVariantGroup section */

/* Begin XCBuildConfiguration section */
		25B28EAC1E957D4C0031FF8D /* Debug */ = {
			isa = XCBuildConfiguration;
			buildSettings = {
				ALWAYS_SEARCH_USER_PATHS = NO;
				CLANG_ANALYZER_NONNULL = YES;
				CLANG_CXX_LANGUAGE_STANDARD = "gnu++0x";
				CLANG_CXX_LIBRARY = "libc++";
				CLANG_ENABLE_MODULES = YES;
				CLANG_ENABLE_OBJC_ARC = YES;
				CLANG_WARN_BOOL_CONVERSION = YES;
				CLANG_WARN_CONSTANT_CONVERSION = YES;
				CLANG_WARN_DIRECT_OBJC_ISA_USAGE = YES_ERROR;
				CLANG_WARN_DOCUMENTATION_COMMENTS = YES;
				CLANG_WARN_EMPTY_BODY = YES;
				CLANG_WARN_ENUM_CONVERSION = YES;
				CLANG_WARN_INFINITE_RECURSION = YES;
				CLANG_WARN_INT_CONVERSION = YES;
				CLANG_WARN_OBJC_ROOT_CLASS = YES_ERROR;
				CLANG_WARN_SUSPICIOUS_MOVES = YES;
				CLANG_WARN_UNREACHABLE_CODE = YES;
				CLANG_WARN__DUPLICATE_METHOD_MATCH = YES;
				"CODE_SIGN_IDENTITY[sdk=iphoneos*]" = "iPhone Developer";
				COPY_PHASE_STRIP = NO;
				DEBUG_INFORMATION_FORMAT = dwarf;
				ENABLE_STRICT_OBJC_MSGSEND = YES;
				ENABLE_TESTABILITY = YES;
				GCC_C_LANGUAGE_STANDARD = gnu99;
				GCC_DYNAMIC_NO_PIC = NO;
				GCC_NO_COMMON_BLOCKS = YES;
				GCC_OPTIMIZATION_LEVEL = 0;
				GCC_PREPROCESSOR_DEFINITIONS = (
					"DEBUG=1",
					"$(inherited)",
				);
				GCC_WARN_64_TO_32_BIT_CONVERSION = YES;
				GCC_WARN_ABOUT_RETURN_TYPE = YES_ERROR;
				GCC_WARN_UNDECLARED_SELECTOR = YES;
				GCC_WARN_UNINITIALIZED_AUTOS = YES_AGGRESSIVE;
				GCC_WARN_UNUSED_FUNCTION = YES;
				GCC_WARN_UNUSED_VARIABLE = YES;
				IPHONEOS_DEPLOYMENT_TARGET = 10.0;
				MTL_ENABLE_DEBUG_INFO = YES;
				ONLY_ACTIVE_ARCH = YES;
				SDKROOT = iphoneos;
				SWIFT_ACTIVE_COMPILATION_CONDITIONS = DEBUG;
				SWIFT_OPTIMIZATION_LEVEL = "-Onone";
				TARGETED_DEVICE_FAMILY = "1,2";
			};
			name = Debug;
		};
		25B28EAD1E957D4C0031FF8D /* Release */ = {
			isa = XCBuildConfiguration;
			buildSettings = {
				ALWAYS_SEARCH_USER_PATHS = NO;
				CLANG_ANALYZER_NONNULL = YES;
				CLANG_CXX_LANGUAGE_STANDARD = "gnu++0x";
				CLANG_CXX_LIBRARY = "libc++";
				CLANG_ENABLE_MODULES = YES;
				CLANG_ENABLE_OBJC_ARC = YES;
				CLANG_WARN_BOOL_CONVERSION = YES;
				CLANG_WARN_CONSTANT_CONVERSION = YES;
				CLANG_WARN_DIRECT_OBJC_ISA_USAGE = YES_ERROR;
				CLANG_WARN_DOCUMENTATION_COMMENTS = YES;
				CLANG_WARN_EMPTY_BODY = YES;
				CLANG_WARN_ENUM_CONVERSION = YES;
				CLANG_WARN_INFINITE_RECURSION = YES;
				CLANG_WARN_INT_CONVERSION = YES;
				CLANG_WARN_OBJC_ROOT_CLASS = YES_ERROR;
				CLANG_WARN_SUSPICIOUS_MOVES = YES;
				CLANG_WARN_UNREACHABLE_CODE = YES;
				CLANG_WARN__DUPLICATE_METHOD_MATCH = YES;
				"CODE_SIGN_IDENTITY[sdk=iphoneos*]" = "iPhone Developer";
				COPY_PHASE_STRIP = NO;
				DEBUG_INFORMATION_FORMAT = "dwarf-with-dsym";
				ENABLE_NS_ASSERTIONS = NO;
				ENABLE_STRICT_OBJC_MSGSEND = YES;
				GCC_C_LANGUAGE_STANDARD = gnu99;
				GCC_NO_COMMON_BLOCKS = YES;
				GCC_WARN_64_TO_32_BIT_CONVERSION = YES;
				GCC_WARN_ABOUT_RETURN_TYPE = YES_ERROR;
				GCC_WARN_UNDECLARED_SELECTOR = YES;
				GCC_WARN_UNINITIALIZED_AUTOS = YES_AGGRESSIVE;
				GCC_WARN_UNUSED_FUNCTION = YES;
				GCC_WARN_UNUSED_VARIABLE = YES;
				IPHONEOS_DEPLOYMENT_TARGET = 10.0;
				MTL_ENABLE_DEBUG_INFO = NO;
				SDKROOT = iphoneos;
				SWIFT_OPTIMIZATION_LEVEL = "-Owholemodule";
				TARGETED_DEVICE_FAMILY = "1,2";
				VALIDATE_PRODUCT = YES;
			};
			name = Release;
		};
		25B28EAF1E957D4C0031FF8D /* Debug */ = {
			isa = XCBuildConfiguration;
			buildSettings = {
				ASSETCATALOG_COMPILER_APPICON_NAME = AppIcon;
				INFOPLIST_FILE = PokeStep/Info.plist;
				LD_RUNPATH_SEARCH_PATHS = "$(inherited) @executable_path/Frameworks";
				PRODUCT_BUNDLE_IDENTIFIER = ie.wit.PokeStep;
				PRODUCT_NAME = "$(TARGET_NAME)";
				SWIFT_VERSION = 3.0;
			};
			name = Debug;
		};
		25B28EB01E957D4C0031FF8D /* Release */ = {
			isa = XCBuildConfiguration;
			buildSettings = {
				ASSETCATALOG_COMPILER_APPICON_NAME = AppIcon;
				INFOPLIST_FILE = PokeStep/Info.plist;
				LD_RUNPATH_SEARCH_PATHS = "$(inherited) @executable_path/Frameworks";
				PRODUCT_BUNDLE_IDENTIFIER = ie.wit.PokeStep;
				PRODUCT_NAME = "$(TARGET_NAME)";
				SWIFT_VERSION = 3.0;
			};
			name = Release;
		};
		25B28EB21E957D4C0031FF8D /* Debug */ = {
			isa = XCBuildConfiguration;
			buildSettings = {
				ALWAYS_EMBED_SWIFT_STANDARD_LIBRARIES = YES;
				BUNDLE_LOADER = "$(TEST_HOST)";
				INFOPLIST_FILE = PokeStepTests/Info.plist;
				LD_RUNPATH_SEARCH_PATHS = "$(inherited) @executable_path/Frameworks @loader_path/Frameworks";
				PRODUCT_BUNDLE_IDENTIFIER = ie.wit.PokeStepTests;
				PRODUCT_NAME = "$(TARGET_NAME)";
				SWIFT_VERSION = 3.0;
				TEST_HOST = "$(BUILT_PRODUCTS_DIR)/PokeStep.app/PokeStep";
			};
			name = Debug;
		};
		25B28EB31E957D4C0031FF8D /* Release */ = {
			isa = XCBuildConfiguration;
			buildSettings = {
				ALWAYS_EMBED_SWIFT_STANDARD_LIBRARIES = YES;
				BUNDLE_LOADER = "$(TEST_HOST)";
				INFOPLIST_FILE = PokeStepTests/Info.plist;
				LD_RUNPATH_SEARCH_PATHS = "$(inherited) @executable_path/Frameworks @loader_path/Frameworks";
				PRODUCT_BUNDLE_IDENTIFIER = ie.wit.PokeStepTests;
				PRODUCT_NAME = "$(TARGET_NAME)";
				SWIFT_VERSION = 3.0;
				TEST_HOST = "$(BUILT_PRODUCTS_DIR)/PokeStep.app/PokeStep";
			};
			name = Release;
		};
/* End XCBuildConfiguration section */

/* Begin XCConfigurationList section */
		25B28E8C1E957D4B0031FF8D /* Build configuration list for PBXProject "PokeStep" */ = {
			isa = XCConfigurationList;
			buildConfigurations = (
				25B28EAC1E957D4C0031FF8D /* Debug */,
				25B28EAD1E957D4C0031FF8D /* Release */,
			);
			defaultConfigurationIsVisible = 0;
			defaultConfigurationName = Release;
		};
		25B28EAE1E957D4C0031FF8D /* Build configuration list for PBXNativeTarget "PokeStep" */ = {
			isa = XCConfigurationList;
			buildConfigurations = (
				25B28EAF1E957D4C0031FF8D /* Debug */,
				25B28EB01E957D4C0031FF8D /* Release */,
			);
			defaultConfigurationIsVisible = 0;
			defaultConfigurationName = Release;
		};
		25B28EB11E957D4C0031FF8D /* Build configuration list for PBXNativeTarget "PokeStepTests" */ = {
			isa = XCConfigurationList;
			buildConfigurations = (
				25B28EB21E957D4C0031FF8D /* Debug */,
				25B28EB31E957D4C0031FF8D /* Release */,
			);
			defaultConfigurationIsVisible = 0;
			defaultConfigurationName = Release;
		};
/* End XCConfigurationList section */
	};
	rootObject = 25B28E891E957D4B0031FF8D /* Project object */;
}
